Microsoft Visual Studio Solution File, Format Version 12.00
# Visual Studio Version 17
VisualStudioVersion = 17.6.33815.320
MinimumVisualStudioVersion = 10.0.40219.1
Project("{2150E333-8FDC-42A3-9474-1A3956D46DE8}") = "01API", "01API", "{70BD7BAB-1374-4D03-AB29-3AE4C0A57CD0}"
EndProject
Project("{2150E333-8FDC-42A3-9474-1A3956D46DE8}") = "02Infra", "02Infra", "{0D6A7AC6-46F5-41C0-92E2-E2BD5CC16C0F}"
EndProject
Project("{2150E333-8FDC-42A3-9474-1A3956D46DE8}") = "03App", "03App", "{1482BD19-63FB-4569-811F-03493502AB92}"
EndProject
Project("{2150E333-8FDC-42A3-9474-1A3956D46DE8}") = "04Domain", "04Domain", "{527A17E2-B008-4F14-9547-897F51D973E4}"
EndProject
Project("{2150E333-8FDC-42A3-9474-1A3956D46DE8}") = "01-01 Core", "01-01 Core", "{9EAE3303-7803-49F1-AA0B-DAEEFF49FF64}"
EndProject
Project("{2150E333-8FDC-42A3-9474-1A3956D46DE8}") = "01-02 UserMgmt", "01-02 UserMgmt", "{57370FA0-9C36-448A-84D6-6D662F924793}"
EndProject
Project("{2150E333-8FDC-42A3-9474-1A3956D46DE8}") = "02-01 Core", "02-01 Core", "{B3967B34-DFEB-4CB7-A675-74BE4945663D}"
EndProject
Project("{2150E333-8FDC-42A3-9474-1A3956D46DE8}") = "02-02 UserMgmt", "02-02 UserMgmt", "{C133C627-9A11-48A4-A280-FAE805C651C5}"
EndProject
Project("{2150E333-8FDC-42A3-9474-1A3956D46DE8}") = "02-99 Common", "02-99 Common", "{6068A30D-D55F-4DE7-95F0-CBC5B811FB09}"
EndProject
Project("{2150E333-8FDC-42A3-9474-1A3956D46DE8}") = "03-01 Core", "03-01 Core", "{1D614E3A-4B4E-4319-800A-8FC8D58750E0}"
EndProject
Project("{2150E333-8FDC-42A3-9474-1A3956D46DE8}") = "03-02 UserMgmt", "03-02 UserMgmt", "{7D10B9C0-072D-418B-9E96-543C73CDD20E}"
EndProject
Project("{2150E333-8FDC-42A3-9474-1A3956D46DE8}") = "03-99 Common", "03-99 Common", "{0215AFE5-F6B1-41CB-A63B-380ACD9DE1C1}"
EndProject
Project("{2150E333-8FDC-42A3-9474-1A3956D46DE8}") = "04-01 Core", "04-01 Core", "{4632EBE1-976B-4530-9431-65E5A600F591}"
EndProject
Project("{2150E333-8FDC-42A3-9474-1A3956D46DE8}") = "04-02 UserMgmt", "04-02 UserMgmt", "{0E258B7E-4314-4805-B4CC-66B0166795FF}"
EndProject
Project("{2150E333-8FDC-42A3-9474-1A3956D46DE8}") = "04-99 Common", "04-99 Common", "{83375DF8-CE31-46E3-8C10-44CA289532D2}"
EndProject
Project("{2150E333-8FDC-42A3-9474-1A3956D46DE8}") = "04-98 DataModel", "04-98 DataModel", "{DC3204C7-384D-43A7-9ADC-6EB6A469C0D8}"
EndProject
Project("{9A19103F-16F7-4668-BE54-9A1E7A4F7556}") = "CoreAccounting.API", "01API\CoreAccounting.API\CoreAccounting.API.csproj", "{6B150DC2-FB71-4884-95D3-78BE9580F5AD}"
EndProject
Project("{9A19103F-16F7-4668-BE54-9A1E7A4F7556}") = "UserMgmt.API", "01API\UserMgmt.API\UserMgmt.API.csproj", "{74431CBB-CC99-4613-8776-42A6091C85FC}"
EndProject
Project("{9A19103F-16F7-4668-BE54-9A1E7A4F7556}") = "Common.Infra", "02INFRA\Common.Infra\Common.Infra.csproj", "{59480DF7-F8E9-4F56-B14B-EDC52FD25662}"
EndProject
Project("{9A19103F-16F7-4668-BE54-9A1E7A4F7556}") = "CoreAccounting.Infra", "02INFRA\CoreAccounting.Infra\CoreAccounting.Infra.csproj", "{270F9B57-3BDA-4E45-9E77-A73329866CD5}"
EndProject
Project("{9A19103F-16F7-4668-BE54-9A1E7A4F7556}") = "UserMgmt.Infra", "02INFRA\UserMgmt.Infra\UserMgmt.Infra.csproj", "{66A87D98-BE61-4852-9036-F2B34583FAE1}"
EndProject
Project("{9A19103F-16F7-4668-BE54-9A1E7A4F7556}") = "Common.App", "03APP\Common.App\Common.App.csproj", "{79854A69-E50D-4127-A2AE-EFBDDF9EB9B5}"
EndProject
Project("{9A19103F-16F7-4668-BE54-9A1E7A4F7556}") = "CoreAccounting.App", "03APP\CoreAccounting.App\CoreAccounting.App.csproj", "{C652F425-E9BB-4CF2-B2C1-E32E1AB13E94}"
EndProject
Project("{9A19103F-16F7-4668-BE54-9A1E7A4F7556}") = "UserMgmt.App", "03APP\UserMgmt.App\UserMgmt.App.csproj", "{E19AF0B2-C15F-4208-9759-4F34646B7BD0}"
EndProject
Project("{9A19103F-16F7-4668-BE54-9A1E7A4F7556}") = "Common.Domain", "04DOMAIN\Common.Domain\Common.Domain.csproj", "{3CF22A38-3E69-4C83-8606-AD2AE3214A1E}"
EndProject
Project("{9A19103F-16F7-4668-BE54-9A1E7A4F7556}") = "CoreAccounting.Domain", "04DOMAIN\CoreAccounting.Domain\CoreAccounting.Domain.csproj", "{EDEADFD8-EE8F-4186-A521-0E281C9C8636}"
EndProject
Project("{9A19103F-16F7-4668-BE54-9A1E7A4F7556}") = "DataModel.Domain", "04DOMAIN\DataModel.Domain\DataModel.Domain.csproj", "{2512B173-6D68-4339-BD3C-322B08618C8D}"
EndProject
Project("{9A19103F-16F7-4668-BE54-9A1E7A4F7556}") = "UserMgmt.Domain", "04DOMAIN\UserMgmt.Domain\UserMgmt.Domain.csproj", "{449908F5-B7D2-442A-8FE1-B6656558B1EF}"
EndProject
Project("{2150E333-8FDC-42A3-9474-1A3956D46DE8}") = "01-03 Payable", "01-03 Payable", "{B3822524-EDDE-432D-8565-375CA677947D}"
EndProject
Project("{2150E333-8FDC-42A3-9474-1A3956D46DE8}") = "02-03 Payable", "02-03 Payable", "{4EC8BBA8-F0B5-4B74-A7E1-56E5D6CAFF83}"
EndProject
Project("{2150E333-8FDC-42A3-9474-1A3956D46DE8}") = "03-03 Payable", "03-03 Payable", "{7D67B4A2-202A-4A63-873D-AA54BB31131A}"
EndProject
Project("{2150E333-8FDC-42A3-9474-1A3956D46DE8}") = "04-03 Payable", "04-03 Payable", "{86DA968B-4105-4674-B877-CA7C3CFE23FF}"
EndProject
Project("{9A19103F-16F7-4668-BE54-9A1E7A4F7556}") = "Payable.Domain", "04DOMAIN\Payable.Domain\Payable.Domain.csproj", "{740EB7A4-4B72-40AD-81E1-7FB2184E769E}"
EndProject
Project("{9A19103F-16F7-4668-BE54-9A1E7A4F7556}") = "Payable.App", "03APP\Payable.App\Payable.App.csproj", "{9BDF4F45-0D45-48C3-84D4-2BE0E1D3530A}"
EndProject
Project("{9A19103F-16F7-4668-BE54-9A1E7A4F7556}") = "Payable.Infra", "02INFRA\Payable.Infra\Payable.Infra.csproj", "{531E0730-0CAC-4299-9136-E96664E5DF0A}"
EndProject
Project("{9A19103F-16F7-4668-BE54-9A1E7A4F7556}") = "Payable.API", "01API\Payable.API\Payable.API.csproj", "{BDEC979E-F53E-4910-844B-27420AA0D783}"
EndProject
Project("{2150E333-8FDC-42A3-9474-1A3956D46DE8}") = "01-99 Common.API", "01-99 Common.API", "{9E5072D9-9366-4550-8DD4-460DC9A82604}"
EndProject
Project("{9A19103F-16F7-4668-BE54-9A1E7A4F7556}") = "Common.API", "01API\Common.API\Common.API\Common.API.csproj", "{22D30187-6039-4EA1-AF03-8F8DDE9C3402}"
EndProject
Project("{2150E333-8FDC-42A3-9474-1A3956D46DE8}") = "99SolutionItems", "99SolutionItems", "{84FF00A2-E2DE-446F-8A44-7DC8EA5DB333}"
EndProject
Project("{2150E333-8FDC-42A3-9474-1A3956D46DE8}") = "Documents", "Documents", "{B39916B2-96E3-4D9B-905B-C94BB9144525}"
	ProjectSection(SolutionItems) = preProject
		99SolutionItems\Documents\Dashboard-widgets request and responses.xlsx = 99SolutionItems\Documents\Dashboard-widgets request and responses.xlsx
	EndProjectSection
EndProject
Project("{2150E333-8FDC-42A3-9474-1A3956D46DE8}") = "Scripts", "Scripts", "{9FA2214C-C2D2-490D-B25B-EFD98A1B17D8}"
	ProjectSection(SolutionItems) = preProject
		BankFeedSPs.sql = BankFeedSPs.sql
		99SolutionItems\Documents\Scripts\CoreSPs.sql = 99SolutionItems\Documents\Scripts\CoreSPs.sql
		PayableSPs.sql = PayableSPs.sql
	EndProjectSection
EndProject
Project("{2150E333-8FDC-42A3-9474-1A3956D46DE8}") = "04-04 BankFeed", "04-04 BankFeed", "{F38FCE21-8398-4650-8DEB-4CA4082B82A6}"
EndProject
Project("{2150E333-8FDC-42A3-9474-1A3956D46DE8}") = "03-04 BankFeed", "03-04 BankFeed", "{55404948-9015-4D97-A5A7-69B17C58322E}"
EndProject
Project("{9A19103F-16F7-4668-BE54-9A1E7A4F7556}") = "BankFeed.App", "03APP\BankFeed.App\BankFeed.App\BankFeed.App.csproj", "{A6843CEC-AEB9-4EE2-ACC7-17737BA56A32}"
EndProject
Project("{2150E333-8FDC-42A3-9474-1A3956D46DE8}") = "02-04 BankFeed", "02-04 BankFeed", "{02E5F70B-7E62-486A-B6DE-3F8AA0F95E1F}"
EndProject
Project("{9A19103F-16F7-4668-BE54-9A1E7A4F7556}") = "BankFeed.Infra", "02INFRA\BankFeed.Infra\BankFeed.Infra\BankFeed.Infra.csproj", "{EACFC743-A06E-499E-9B77-66B931BBE2B2}"
EndProject
Project("{2150E333-8FDC-42A3-9474-1A3956D46DE8}") = "01-04 BankFeedAPI", "01-04 BankFeedAPI", "{9F109666-CFC4-42DB-BA9C-73F42E28FD44}"
EndProject
Project("{9A19103F-16F7-4668-BE54-9A1E7A4F7556}") = "BankFeed.API", "01API\BankFeed.API\BankFeed.API\BankFeed.API.csproj", "{EE310DC9-2AF5-4101-A1C8-9F65A98A1A24}"
EndProject
Project("{2150E333-8FDC-42A3-9474-1A3956D46DE8}") = "04-05 DailySales", "04-05 DailySales", "{49B5F600-FCED-4F25-9DCD-7E5D616FE274}"
EndProject
Project("{9A19103F-16F7-4668-BE54-9A1E7A4F7556}") = "DailySales.Domain", "04DOMAIN\DailySales.Domain\DailySales.Domain\DailySales.Domain.csproj", "{9A74B112-DC72-44EC-93E4-B8D7E5C67CBA}"
EndProject
Project("{2150E333-8FDC-42A3-9474-1A3956D46DE8}") = "03-05 DailySales", "03-05 DailySales", "{4A53DB33-4041-41C6-9362-502A97B2A4EE}"
EndProject
Project("{9A19103F-16F7-4668-BE54-9A1E7A4F7556}") = "DailySales.App", "03APP\DailySales.App\DailySales.App\DailySales.App.csproj", "{C03D6241-63F4-4BC6-8E3D-EE3D52C41E5E}"
EndProject
Project("{2150E333-8FDC-42A3-9474-1A3956D46DE8}") = "02-05  DailySales", "02-05  DailySales", "{32B0FD1A-3E1F-4E1B-944F-3A9F26921A34}"
EndProject
Project("{9A19103F-16F7-4668-BE54-9A1E7A4F7556}") = "DailySales.Infra", "02INFRA\DailySales.Infra\DailySales.Infra\DailySales.Infra.csproj", "{D4A71B82-14EE-45DF-BB97-AE3E5DBC7367}"
EndProject
Project("{2150E333-8FDC-42A3-9474-1A3956D46DE8}") = "01-05 DailySalesAPI", "01-05 DailySalesAPI", "{C9A1047D-42CB-4D66-A62C-7E1050165B2C}"
EndProject
Project("{9A19103F-16F7-4668-BE54-9A1E7A4F7556}") = "DailySales.API", "01API\DailySales.API\DailySales.API\DailySales.API.csproj", "{CE6B737B-0A83-4DA2-A946-92A2559CCE89}"
EndProject
Project("{2150E333-8FDC-42A3-9474-1A3956D46DE8}") = "ConsoleApps", "ConsoleApps", "{EC744C34-10CD-4886-9336-C680D5DC1367}"
EndProject
Project("{9A19103F-16F7-4668-BE54-9A1E7A4F7556}") = "AutoSynchFeeds", "01API\ConsoleApps\AutoSynchFeeds\AutoSynchFeeds.csproj", "{445211C9-ACA9-4F5D-9219-D1282F7906D1}"
EndProject
Project("{9A19103F-16F7-4668-BE54-9A1E7A4F7556}") = "Common.Sharing", "03APP\Common.Sharing\Common.Sharing.csproj", "{4741402A-E691-4F4A-85A9-AFEFDEF37EBA}"
EndProject
Project("{9A19103F-16F7-4668-BE54-9A1E7A4F7556}") = "BankFeed.Domain.DTO", "04DOMAIN\BankFeed.Domain.DTO\BankFeed.Domain.DTO.csproj", "{7CC23288-A98B-4C54-A588-DCA0BC8082E7}"
EndProject
Project("{9A19103F-16F7-4668-BE54-9A1E7A4F7556}") = "DailySales.Domain.DTO", "04DOMAIN\DailySales.Domain.DTO\DailySales.Domain.DTO.csproj", "{E6CEA93F-B3E6-49D5-9F34-292831C0F069}"
EndProject
Project("{9A19103F-16F7-4668-BE54-9A1E7A4F7556}") = "Payable.Domain.DTO", "04DOMAIN\Payable.Domain.DTO\Payable.Domain.DTO.csproj", "{9F86C645-DC29-4B7C-876D-5CF964BD0DA5}"
EndProject
Project("{9A19103F-16F7-4668-BE54-9A1E7A4F7556}") = "Common.Domain.DTO", "04DOMAIN\Common.Domain.DTO\Common.Domain.DTO.csproj", "{DE80ECAD-93FD-44A1-A600-1EB7A5D03C5A}"
EndProject
Project("{9A19103F-16F7-4668-BE54-9A1E7A4F7556}") = "UserMgmt.Domain.DTO", "04DOMAIN\UserMgmt.Domain.DTO\UserMgmt.Domain.DTO.csproj", "{5D039CE5-C5C5-4006-871E-7DDCB2841A5D}"
EndProject
Project("{9A19103F-16F7-4668-BE54-9A1E7A4F7556}") = "CoreAccounting.Domain.DTO", "04DOMAIN\CoreAccounting.Domain.DTO\CoreAccounting.Domain.DTO.csproj", "{DAD89A19-3400-4E27-9B95-DD6FAC4F9809}"
EndProject
Project("{9A19103F-16F7-4668-BE54-9A1E7A4F7556}") = "BankFeed.Domain", "04DOMAIN\BankFeed.Domain\BankFeed.Domain.csproj", "{30F8223B-FA7F-43AB-95E8-B89522200D82}"
EndProject
Project("{2150E333-8FDC-42A3-9474-1A3956D46DE8}") = "04-06 Dashboard", "04-06 Dashboard", "{C020BDB3-35EE-401C-B94C-46A64CB9746D}"
EndProject
Project("{2150E333-8FDC-42A3-9474-1A3956D46DE8}") = "03-06 Dashboard", "03-06 Dashboard", "{94D8F11C-AFD8-45DF-9C1B-57D39D0EDDA1}"
EndProject
Project("{2150E333-8FDC-42A3-9474-1A3956D46DE8}") = "02-06 Dashboard", "02-06 Dashboard", "{67D4466E-3D9A-49D0-8F7A-E555DF45FA6A}"
EndProject
Project("{2150E333-8FDC-42A3-9474-1A3956D46DE8}") = "01-06 Dashboard", "01-06 Dashboard", "{E27BA18C-39A3-41D1-9A94-93791C119329}"
EndProject
Project("{9A19103F-16F7-4668-BE54-9A1E7A4F7556}") = "Dashboard.Domain", "04DOMAIN\Dashboard.Domain\Dashboard.Domain.csproj", "{8DFC57E9-8B63-46AC-9E3A-945F74BEAB66}"
EndProject
Project("{9A19103F-16F7-4668-BE54-9A1E7A4F7556}") = "Dashboard.Domain.DTO", "04DOMAIN\Dashboard.Domain.DTO\Dashboard.Domain.DTO.csproj", "{5ACD0DF4-536B-47F9-A5CE-EADF6D934C83}"
EndProject
Project("{9A19103F-16F7-4668-BE54-9A1E7A4F7556}") = "Dashboard.App", "03APP\Dashboard.App\Dashboard.App.csproj", "{FB54A046-C825-4E23-977E-CE1104DEB591}"
EndProject
Project("{9A19103F-16F7-4668-BE54-9A1E7A4F7556}") = "Dashboard.Infra", "02INFRA\Dashboard.Infra\Dashboard.Infra.csproj", "{3705923B-5968-46C0-915E-7F1696800D82}"
EndProject
Project("{9A19103F-16F7-4668-BE54-9A1E7A4F7556}") = "Dashboard.API", "01API\Dashboard.API\Dashboard.API.csproj", "{611415F4-E436-4989-9CDA-C36D2F988F6A}"
EndProject
Project("{9A19103F-16F7-4668-BE54-9A1E7A4F7556}") = "Dashboard.Analytics.Domain", "04DOMAIN\Dashboard.Analytics.Domain\Dashboard.Analytics.Domain.csproj", "{29D2BB5E-68E7-49AD-A3F8-340497B7990B}"
EndProject
Project("{9A19103F-16F7-4668-BE54-9A1E7A4F7556}") = "Dashboard.Analytics.Infra", "02INFRA\Dashboard.Analytics.Infra\Dashboard.Analytics.Infra.csproj", "{DD3B70D2-FD50-495F-8DF9-B603383652DC}"
EndProject
Project("{9A19103F-16F7-4668-BE54-9A1E7A4F7556}") = "BankFeedAutoSynchService", "BankFeedAutoSynchService\BankFeedAutoSynchService.csproj", "{2A19A9D2-9A3F-47FD-BC9B-A782D158E2AC}"
EndProject
Project("{9A19103F-16F7-4668-BE54-9A1E7A4F7556}") = "UserMigrationService", "UserMigrationService\UserMigrationService.csproj", "{5B4B513E-212E-44BA-8C31-428895DD9B7F}"
EndProject
Project("{9A19103F-16F7-4668-BE54-9A1E7A4F7556}") = "RulesDumpingFromSourceTODestination", "01API\ConsoleApps\RulesDumpingFromSourceTODestination\RulesDumpingFromSourceTODestination.csproj", "{A9C2961B-CAB6-48FA-9BC3-AD1CB56DEFCD}"
EndProject
Project("{9A19103F-16F7-4668-BE54-9A1E7A4F7556}") = "AutoRecurring", "01API\ConsoleApps\AutoRecurring\AutoRecurring.csproj", "{D3701350-A8F5-4286-B587-A4C9366B59B9}"
EndProject
Project("{9A19103F-16F7-4668-BE54-9A1E7A4F7556}") = "WrkSpotIntegration", "WrkSpotIntegration\WrkSpotIntegration.csproj", "{C8B527B9-5C89-4A48-A6C9-78AFE3E5C9AC}"
EndProject
Project("{9A19103F-16F7-4668-BE54-9A1E7A4F7556}") = "RepayPaidConsole", "01API\ConsoleApps\RepayPaidConsole\RepayPaidConsole.csproj", "{3A62A682-5EDE-4D99-9D78-18763B37B6C2}"
EndProject
Project("{FAE04EC0-301F-11D3-BF4B-00C04F79EFBC}") = "ScheduleBillPayments", "ScheduleBillPayments\ScheduleBillPayments.csproj", "{7C0DBE1D-65AB-4E64-9278-8EA40F450CA2}"
EndProject
Project("{2150E333-8FDC-42A3-9474-1A3956D46DE8}") = "01-07 WarweHouseSynch", "01-07 WarweHouseSynch", "{02EA681E-C7D8-13C7-8484-4AC65E1B71E8}"
EndProject
Project("{2150E333-8FDC-42A3-9474-1A3956D46DE8}") = "02-07 WareHouseSynch", "02-07 WareHouseSynch", "{63D642F1-F3EE-40DD-8B93-A826C260328F}"
EndProject
Project("{2150E333-8FDC-42A3-9474-1A3956D46DE8}") = "03-07 WareHouseSynch", "03-07 WareHouseSynch", "{0A0D7EC1-E0EF-49AC-82AA-F0BE1CBCB03D}"
EndProject
Project("{2150E333-8FDC-42A3-9474-1A3956D46DE8}") = "04-07 WareHosueSynch", "04-07 WareHosueSynch", "{5E1FCEAD-D828-4299-9D5E-16AA85ED934F}"
EndProject
Project("{FAE04EC0-301F-11D3-BF4B-00C04F79EFBC}") = "WareHouseSynch.Domain", "04DOMAIN\WareHouseSynch.Domain\WareHouseSynch.Domain.csproj", "{27A45A2B-6AC7-4EE4-A081-1293756CEBAE}"
EndProject
Project("{FAE04EC0-301F-11D3-BF4B-00C04F79EFBC}") = "WareHouseSynch.App", "03APP\WareHouseSynch.App\WareHouseSynch.App.csproj", "{7F004B63-20A9-4F88-83F0-8385217C3EA6}"
EndProject
Project("{FAE04EC0-301F-11D3-BF4B-00C04F79EFBC}") = "WareHouseSynch.Infra", "02INFRA\WareHouseSynch.Infra\WareHouseSynch.Infra.csproj", "{04CF7A1E-602E-44B2-8B6C-78739F83F63E}"
	ProjectSection(ProjectDependencies) = postProject
		{27A45A2B-6AC7-4EE4-A081-1293756CEBAE} = {27A45A2B-6AC7-4EE4-A081-1293756CEBAE}
		{7F004B63-20A9-4F88-83F0-8385217C3EA6} = {7F004B63-20A9-4F88-83F0-8385217C3EA6}
	EndProjectSection
EndProject
Project("{FAE04EC0-301F-11D3-BF4B-00C04F79EFBC}") = "WarehouseSynch.API", "01API\WarehouseSynch.API\WarehouseSynch.API.csproj", "{0BB967A0-F265-48AC-B0CA-2BA48387B3A6}"
EndProject
Project("{2150E333-8FDC-42A3-9474-1A3956D46DE8}") = "01-08 ReportsAndConfig", "01-08 ReportsAndConfig", "{16D0579B-565A-4972-AA86-E6241D180432}"
EndProject
Project("{2150E333-8FDC-42A3-9474-1A3956D46DE8}") = "02-08 ReportsAndConfig", "02-08 ReportsAndConfig", "{A3C4E421-08BB-48AD-B0E4-88FE643A61D4}"
EndProject
Project("{2150E333-8FDC-42A3-9474-1A3956D46DE8}") = "03-08 ReportsAndConfig", "03-08 ReportsAndConfig", "{FE9E88A5-0EC9-4CC2-9C59-7B433041969C}"
EndProject
Project("{2150E333-8FDC-42A3-9474-1A3956D46DE8}") = "04-08 ReportsAndConfig", "04-08 ReportsAndConfig", "{F2D79393-13CB-4A39-A0CC-8554E23CBE8A}"
EndProject
Project("{FAE04EC0-301F-11D3-BF4B-00C04F79EFBC}") = "ReportsAndConfig.Infra", "02INFRA\ReportsAndConfig.Infra\ReportsAndConfig.Infra\ReportsAndConfig.Infra.csproj", "{E63B9315-25E6-474A-A4B4-3A0BBE301466}"
EndProject
Project("{FAE04EC0-301F-11D3-BF4B-00C04F79EFBC}") = "ReportsAndConfig.APP", "03APP\ReportsAndConfig.APP\ReportsAndConfig.APP\ReportsAndConfig.APP.csproj", "{A322BFC4-78EE-419D-BCEC-A4A9F2D3F475}"
EndProject
Project("{FAE04EC0-301F-11D3-BF4B-00C04F79EFBC}") = "ReportsAndConfig.Domain", "04DOMAIN\ReportsAndConfig.Domain\ReportsAndConfig.Domain\ReportsAndConfig.Domain.csproj", "{2E632CF2-B45A-4D71-AC9C-102D1549DE9E}"
EndProject
Project("{FAE04EC0-301F-11D3-BF4B-00C04F79EFBC}") = "ReportsAndConfig.Domain.DTO", "04DOMAIN\ReportsAndConfig.Domain\ReportsAndConfig.DTO\ReportsAndConfig.Domain.DTO.csproj", "{28CD4734-9E44-4907-9008-031D17A25DEB}"
EndProject
Project("{FAE04EC0-301F-11D3-BF4B-00C04F79EFBC}") = "ReportsAndConfig.API", "01API\ReportsAndConfig.API\ReportsAndConfig.API\ReportsAndConfig.API.csproj", "{7223E196-74FD-41D9-AF0C-CF495C620CB2}"
EndProject
Project("{2150E333-8FDC-42A3-9474-1A3956D46DE8}") = "04-10 MessageDomains", "04-10 MessageDomains", "{E7016FBA-9C1F-42BC-AC58-6333D28D64AD}"
EndProject
Project("{FAE04EC0-301F-11D3-BF4B-00C04F79EFBC}") = "Messages.Domain", "04DOMAIN\Messages.Domain\Messages.Domain.csproj", "{E9778C2C-BBC6-49F4-B990-16AF7D072915}"
EndProject
Project("{2150E333-8FDC-42A3-9474-1A3956D46DE8}") = "04-09 WHSubscription", "04-09 WHSubscription", "{44B2ECAB-D046-4404-8392-1715A3EF9B02}"
EndProject
Project("{FAE04EC0-301F-11D3-BF4B-00C04F79EFBC}") = "WHSubscription.Domain", "04DOMAIN\WHSubscription.Domain\WHSubscription.Domain.csproj", "{47A7765A-25DC-40D8-B7E9-E39DF9CDDB76}"
EndProject
Project("{FAE04EC0-301F-11D3-BF4B-00C04F79EFBC}") = "WHSubscription.Domain.DTO", "04DOMAIN\WHSubscription.Domain.DTO\WHSubscription.Domain.DTO.csproj", "{94F1347C-528D-4093-BD99-404227A96924}"
EndProject
Project("{2150E333-8FDC-42A3-9474-1A3956D46DE8}") = "03-09 WHSubscription", "03-09 WHSubscription", "{A4F7E1CA-C279-49B4-ADE8-8286F079CD34}"
EndProject
Project("{FAE04EC0-301F-11D3-BF4B-00C04F79EFBC}") = "WHSubscription.App", "03APP\WHSubscription.App\WHSubscription.App.csproj", "{FAE6636B-E1A9-44F8-A0E1-76A5F2FD8D28}"
EndProject
Project("{2150E333-8FDC-42A3-9474-1A3956D46DE8}") = "02-09 WH Subscription", "02-09 WH Subscription", "{C597283E-BDD2-4104-8DD3-353AF20FD1AE}"
EndProject
Project("{FAE04EC0-301F-11D3-BF4B-00C04F79EFBC}") = "WHSubscription.Infra", "02INFRA\WHSubscription.Infra\WHSubscription.Infra.csproj", "{5C3FB214-11FE-4B76-B3CE-4FB58DB61E9E}"
EndProject
Project("{2150E333-8FDC-42A3-9474-1A3956D46DE8}") = "01-09 WHSubscription", "01-09 WHSubscription", "{DFFFED67-812D-47E4-B247-7066C3BBBF3B}"
EndProject
Project("{FAE04EC0-301F-11D3-BF4B-00C04F79EFBC}") = "WHSubscription.API", "01API\WHSubscription.API\WHSubscription.API.csproj", "{6BDD7173-0F10-413D-A8C5-D2777D566743}"
EndProject
Global
	GlobalSection(SolutionConfigurationPlatforms) = preSolution
		Debug|Any CPU = Debug|Any CPU
		Release|Any CPU = Release|Any CPU
	EndGlobalSection
	GlobalSection(ProjectConfigurationPlatforms) = postSolution
		{6B150DC2-FB71-4884-95D3-78BE9580F5AD}.Debug|Any CPU.ActiveCfg = Debug|Any CPU
		{6B150DC2-FB71-4884-95D3-78BE9580F5AD}.Debug|Any CPU.Build.0 = Debug|Any CPU
		{6B150DC2-FB71-4884-95D3-78BE9580F5AD}.Release|Any CPU.ActiveCfg = Release|Any CPU
		{6B150DC2-FB71-4884-95D3-78BE9580F5AD}.Release|Any CPU.Build.0 = Release|Any CPU
		{74431CBB-CC99-4613-8776-42A6091C85FC}.Debug|Any CPU.ActiveCfg = Debug|Any CPU
		{74431CBB-CC99-4613-8776-42A6091C85FC}.Debug|Any CPU.Build.0 = Debug|Any CPU
		{74431CBB-CC99-4613-8776-42A6091C85FC}.Release|Any CPU.ActiveCfg = Release|Any CPU
		{74431CBB-CC99-4613-8776-42A6091C85FC}.Release|Any CPU.Build.0 = Release|Any CPU
		{59480DF7-F8E9-4F56-B14B-EDC52FD25662}.Debug|Any CPU.ActiveCfg = Debug|Any CPU
		{59480DF7-F8E9-4F56-B14B-EDC52FD25662}.Debug|Any CPU.Build.0 = Debug|Any CPU
		{59480DF7-F8E9-4F56-B14B-EDC52FD25662}.Release|Any CPU.ActiveCfg = Release|Any CPU
		{59480DF7-F8E9-4F56-B14B-EDC52FD25662}.Release|Any CPU.Build.0 = Release|Any CPU
		{270F9B57-3BDA-4E45-9E77-A73329866CD5}.Debug|Any CPU.ActiveCfg = Debug|Any CPU
		{270F9B57-3BDA-4E45-9E77-A73329866CD5}.Debug|Any CPU.Build.0 = Debug|Any CPU
		{270F9B57-3BDA-4E45-9E77-A73329866CD5}.Release|Any CPU.ActiveCfg = Release|Any CPU
		{270F9B57-3BDA-4E45-9E77-A73329866CD5}.Release|Any CPU.Build.0 = Release|Any CPU
		{66A87D98-BE61-4852-9036-F2B34583FAE1}.Debug|Any CPU.ActiveCfg = Debug|Any CPU
		{66A87D98-BE61-4852-9036-F2B34583FAE1}.Debug|Any CPU.Build.0 = Debug|Any CPU
		{66A87D98-BE61-4852-9036-F2B34583FAE1}.Release|Any CPU.ActiveCfg = Release|Any CPU
		{66A87D98-BE61-4852-9036-F2B34583FAE1}.Release|Any CPU.Build.0 = Release|Any CPU
		{79854A69-E50D-4127-A2AE-EFBDDF9EB9B5}.Debug|Any CPU.ActiveCfg = Debug|Any CPU
		{79854A69-E50D-4127-A2AE-EFBDDF9EB9B5}.Debug|Any CPU.Build.0 = Debug|Any CPU
		{79854A69-E50D-4127-A2AE-EFBDDF9EB9B5}.Release|Any CPU.ActiveCfg = Release|Any CPU
		{79854A69-E50D-4127-A2AE-EFBDDF9EB9B5}.Release|Any CPU.Build.0 = Release|Any CPU
		{C652F425-E9BB-4CF2-B2C1-E32E1AB13E94}.Debug|Any CPU.ActiveCfg = Debug|Any CPU
		{C652F425-E9BB-4CF2-B2C1-E32E1AB13E94}.Debug|Any CPU.Build.0 = Debug|Any CPU
		{C652F425-E9BB-4CF2-B2C1-E32E1AB13E94}.Release|Any CPU.ActiveCfg = Release|Any CPU
		{C652F425-E9BB-4CF2-B2C1-E32E1AB13E94}.Release|Any CPU.Build.0 = Release|Any CPU
		{E19AF0B2-C15F-4208-9759-4F34646B7BD0}.Debug|Any CPU.ActiveCfg = Debug|Any CPU
		{E19AF0B2-C15F-4208-9759-4F34646B7BD0}.Debug|Any CPU.Build.0 = Debug|Any CPU
		{E19AF0B2-C15F-4208-9759-4F34646B7BD0}.Release|Any CPU.ActiveCfg = Release|Any CPU
		{E19AF0B2-C15F-4208-9759-4F34646B7BD0}.Release|Any CPU.Build.0 = Release|Any CPU
		{3CF22A38-3E69-4C83-8606-AD2AE3214A1E}.Debug|Any CPU.ActiveCfg = Debug|Any CPU
		{3CF22A38-3E69-4C83-8606-AD2AE3214A1E}.Debug|Any CPU.Build.0 = Debug|Any CPU
		{3CF22A38-3E69-4C83-8606-AD2AE3214A1E}.Release|Any CPU.ActiveCfg = Release|Any CPU
		{3CF22A38-3E69-4C83-8606-AD2AE3214A1E}.Release|Any CPU.Build.0 = Release|Any CPU
		{EDEADFD8-EE8F-4186-A521-0E281C9C8636}.Debug|Any CPU.ActiveCfg = Debug|Any CPU
		{EDEADFD8-EE8F-4186-A521-0E281C9C8636}.Debug|Any CPU.Build.0 = Debug|Any CPU
		{EDEADFD8-EE8F-4186-A521-0E281C9C8636}.Release|Any CPU.ActiveCfg = Release|Any CPU
		{EDEADFD8-EE8F-4186-A521-0E281C9C8636}.Release|Any CPU.Build.0 = Release|Any CPU
		{2512B173-6D68-4339-BD3C-322B08618C8D}.Debug|Any CPU.ActiveCfg = Debug|Any CPU
		{2512B173-6D68-4339-BD3C-322B08618C8D}.Debug|Any CPU.Build.0 = Debug|Any CPU
		{2512B173-6D68-4339-BD3C-322B08618C8D}.Release|Any CPU.ActiveCfg = Release|Any CPU
		{2512B173-6D68-4339-BD3C-322B08618C8D}.Release|Any CPU.Build.0 = Release|Any CPU
		{449908F5-B7D2-442A-8FE1-B6656558B1EF}.Debug|Any CPU.ActiveCfg = Debug|Any CPU
		{449908F5-B7D2-442A-8FE1-B6656558B1EF}.Debug|Any CPU.Build.0 = Debug|Any CPU
		{449908F5-B7D2-442A-8FE1-B6656558B1EF}.Release|Any CPU.ActiveCfg = Release|Any CPU
		{449908F5-B7D2-442A-8FE1-B6656558B1EF}.Release|Any CPU.Build.0 = Release|Any CPU
		{740EB7A4-4B72-40AD-81E1-7FB2184E769E}.Debug|Any CPU.ActiveCfg = Debug|Any CPU
		{740EB7A4-4B72-40AD-81E1-7FB2184E769E}.Debug|Any CPU.Build.0 = Debug|Any CPU
		{740EB7A4-4B72-40AD-81E1-7FB2184E769E}.Release|Any CPU.ActiveCfg = Release|Any CPU
		{740EB7A4-4B72-40AD-81E1-7FB2184E769E}.Release|Any CPU.Build.0 = Release|Any CPU
		{9BDF4F45-0D45-48C3-84D4-2BE0E1D3530A}.Debug|Any CPU.ActiveCfg = Debug|Any CPU
		{9BDF4F45-0D45-48C3-84D4-2BE0E1D3530A}.Debug|Any CPU.Build.0 = Debug|Any CPU
		{9BDF4F45-0D45-48C3-84D4-2BE0E1D3530A}.Release|Any CPU.ActiveCfg = Release|Any CPU
		{9BDF4F45-0D45-48C3-84D4-2BE0E1D3530A}.Release|Any CPU.Build.0 = Release|Any CPU
		{531E0730-0CAC-4299-9136-E96664E5DF0A}.Debug|Any CPU.ActiveCfg = Debug|Any CPU
		{531E0730-0CAC-4299-9136-E96664E5DF0A}.Debug|Any CPU.Build.0 = Debug|Any CPU
		{531E0730-0CAC-4299-9136-E96664E5DF0A}.Release|Any CPU.ActiveCfg = Release|Any CPU
		{531E0730-0CAC-4299-9136-E96664E5DF0A}.Release|Any CPU.Build.0 = Release|Any CPU
		{BDEC979E-F53E-4910-844B-27420AA0D783}.Debug|Any CPU.ActiveCfg = Debug|Any CPU
		{BDEC979E-F53E-4910-844B-27420AA0D783}.Debug|Any CPU.Build.0 = Debug|Any CPU
		{BDEC979E-F53E-4910-844B-27420AA0D783}.Release|Any CPU.ActiveCfg = Release|Any CPU
		{BDEC979E-F53E-4910-844B-27420AA0D783}.Release|Any CPU.Build.0 = Release|Any CPU
		{22D30187-6039-4EA1-AF03-8F8DDE9C3402}.Debug|Any CPU.ActiveCfg = Debug|Any CPU
		{22D30187-6039-4EA1-AF03-8F8DDE9C3402}.Debug|Any CPU.Build.0 = Debug|Any CPU
		{22D30187-6039-4EA1-AF03-8F8DDE9C3402}.Release|Any CPU.ActiveCfg = Release|Any CPU
		{22D30187-6039-4EA1-AF03-8F8DDE9C3402}.Release|Any CPU.Build.0 = Release|Any CPU
		{A6843CEC-AEB9-4EE2-ACC7-17737BA56A32}.Debug|Any CPU.ActiveCfg = Debug|Any CPU
		{A6843CEC-AEB9-4EE2-ACC7-17737BA56A32}.Debug|Any CPU.Build.0 = Debug|Any CPU
		{A6843CEC-AEB9-4EE2-ACC7-17737BA56A32}.Release|Any CPU.ActiveCfg = Release|Any CPU
		{A6843CEC-AEB9-4EE2-ACC7-17737BA56A32}.Release|Any CPU.Build.0 = Release|Any CPU
		{EACFC743-A06E-499E-9B77-66B931BBE2B2}.Debug|Any CPU.ActiveCfg = Debug|Any CPU
		{EACFC743-A06E-499E-9B77-66B931BBE2B2}.Debug|Any CPU.Build.0 = Debug|Any CPU
		{EACFC743-A06E-499E-9B77-66B931BBE2B2}.Release|Any CPU.ActiveCfg = Release|Any CPU
		{EACFC743-A06E-499E-9B77-66B931BBE2B2}.Release|Any CPU.Build.0 = Release|Any CPU
		{EE310DC9-2AF5-4101-A1C8-9F65A98A1A24}.Debug|Any CPU.ActiveCfg = Debug|Any CPU
		{EE310DC9-2AF5-4101-A1C8-9F65A98A1A24}.Debug|Any CPU.Build.0 = Debug|Any CPU
		{EE310DC9-2AF5-4101-A1C8-9F65A98A1A24}.Release|Any CPU.ActiveCfg = Release|Any CPU
		{EE310DC9-2AF5-4101-A1C8-9F65A98A1A24}.Release|Any CPU.Build.0 = Release|Any CPU
		{9A74B112-DC72-44EC-93E4-B8D7E5C67CBA}.Debug|Any CPU.ActiveCfg = Debug|Any CPU
		{9A74B112-DC72-44EC-93E4-B8D7E5C67CBA}.Debug|Any CPU.Build.0 = Debug|Any CPU
		{9A74B112-DC72-44EC-93E4-B8D7E5C67CBA}.Release|Any CPU.ActiveCfg = Release|Any CPU
		{9A74B112-DC72-44EC-93E4-B8D7E5C67CBA}.Release|Any CPU.Build.0 = Release|Any CPU
		{C03D6241-63F4-4BC6-8E3D-EE3D52C41E5E}.Debug|Any CPU.ActiveCfg = Debug|Any CPU
		{C03D6241-63F4-4BC6-8E3D-EE3D52C41E5E}.Debug|Any CPU.Build.0 = Debug|Any CPU
		{C03D6241-63F4-4BC6-8E3D-EE3D52C41E5E}.Release|Any CPU.ActiveCfg = Release|Any CPU
		{C03D6241-63F4-4BC6-8E3D-EE3D52C41E5E}.Release|Any CPU.Build.0 = Release|Any CPU
		{D4A71B82-14EE-45DF-BB97-AE3E5DBC7367}.Debug|Any CPU.ActiveCfg = Debug|Any CPU
		{D4A71B82-14EE-45DF-BB97-AE3E5DBC7367}.Debug|Any CPU.Build.0 = Debug|Any CPU
		{D4A71B82-14EE-45DF-BB97-AE3E5DBC7367}.Release|Any CPU.ActiveCfg = Release|Any CPU
		{D4A71B82-14EE-45DF-BB97-AE3E5DBC7367}.Release|Any CPU.Build.0 = Release|Any CPU
		{CE6B737B-0A83-4DA2-A946-92A2559CCE89}.Debug|Any CPU.ActiveCfg = Debug|Any CPU
		{CE6B737B-0A83-4DA2-A946-92A2559CCE89}.Debug|Any CPU.Build.0 = Debug|Any CPU
		{CE6B737B-0A83-4DA2-A946-92A2559CCE89}.Release|Any CPU.ActiveCfg = Release|Any CPU
		{CE6B737B-0A83-4DA2-A946-92A2559CCE89}.Release|Any CPU.Build.0 = Release|Any CPU
		{445211C9-ACA9-4F5D-9219-D1282F7906D1}.Debug|Any CPU.ActiveCfg = Debug|Any CPU
		{445211C9-ACA9-4F5D-9219-D1282F7906D1}.Debug|Any CPU.Build.0 = Debug|Any CPU
		{445211C9-ACA9-4F5D-9219-D1282F7906D1}.Release|Any CPU.ActiveCfg = Release|Any CPU
		{445211C9-ACA9-4F5D-9219-D1282F7906D1}.Release|Any CPU.Build.0 = Release|Any CPU
		{4741402A-E691-4F4A-85A9-AFEFDEF37EBA}.Debug|Any CPU.ActiveCfg = Debug|Any CPU
		{4741402A-E691-4F4A-85A9-AFEFDEF37EBA}.Debug|Any CPU.Build.0 = Debug|Any CPU
		{4741402A-E691-4F4A-85A9-AFEFDEF37EBA}.Release|Any CPU.ActiveCfg = Release|Any CPU
		{4741402A-E691-4F4A-85A9-AFEFDEF37EBA}.Release|Any CPU.Build.0 = Release|Any CPU
		{7CC23288-A98B-4C54-A588-DCA0BC8082E7}.Debug|Any CPU.ActiveCfg = Debug|Any CPU
		{7CC23288-A98B-4C54-A588-DCA0BC8082E7}.Debug|Any CPU.Build.0 = Debug|Any CPU
		{7CC23288-A98B-4C54-A588-DCA0BC8082E7}.Release|Any CPU.ActiveCfg = Release|Any CPU
		{7CC23288-A98B-4C54-A588-DCA0BC8082E7}.Release|Any CPU.Build.0 = Release|Any CPU
		{E6CEA93F-B3E6-49D5-9F34-292831C0F069}.Debug|Any CPU.ActiveCfg = Debug|Any CPU
		{E6CEA93F-B3E6-49D5-9F34-292831C0F069}.Debug|Any CPU.Build.0 = Debug|Any CPU
		{E6CEA93F-B3E6-49D5-9F34-292831C0F069}.Release|Any CPU.ActiveCfg = Release|Any CPU
		{E6CEA93F-B3E6-49D5-9F34-292831C0F069}.Release|Any CPU.Build.0 = Release|Any CPU
		{9F86C645-DC29-4B7C-876D-5CF964BD0DA5}.Debug|Any CPU.ActiveCfg = Debug|Any CPU
		{9F86C645-DC29-4B7C-876D-5CF964BD0DA5}.Debug|Any CPU.Build.0 = Debug|Any CPU
		{9F86C645-DC29-4B7C-876D-5CF964BD0DA5}.Release|Any CPU.ActiveCfg = Release|Any CPU
		{9F86C645-DC29-4B7C-876D-5CF964BD0DA5}.Release|Any CPU.Build.0 = Release|Any CPU
		{DE80ECAD-93FD-44A1-A600-1EB7A5D03C5A}.Debug|Any CPU.ActiveCfg = Debug|Any CPU
		{DE80ECAD-93FD-44A1-A600-1EB7A5D03C5A}.Debug|Any CPU.Build.0 = Debug|Any CPU
		{DE80ECAD-93FD-44A1-A600-1EB7A5D03C5A}.Release|Any CPU.ActiveCfg = Release|Any CPU
		{DE80ECAD-93FD-44A1-A600-1EB7A5D03C5A}.Release|Any CPU.Build.0 = Release|Any CPU
		{5D039CE5-C5C5-4006-871E-7DDCB2841A5D}.Debug|Any CPU.ActiveCfg = Debug|Any CPU
		{5D039CE5-C5C5-4006-871E-7DDCB2841A5D}.Debug|Any CPU.Build.0 = Debug|Any CPU
		{5D039CE5-C5C5-4006-871E-7DDCB2841A5D}.Release|Any CPU.ActiveCfg = Release|Any CPU
		{5D039CE5-C5C5-4006-871E-7DDCB2841A5D}.Release|Any CPU.Build.0 = Release|Any CPU
		{DAD89A19-3400-4E27-9B95-DD6FAC4F9809}.Debug|Any CPU.ActiveCfg = Debug|Any CPU
		{DAD89A19-3400-4E27-9B95-DD6FAC4F9809}.Debug|Any CPU.Build.0 = Debug|Any CPU
		{DAD89A19-3400-4E27-9B95-DD6FAC4F9809}.Release|Any CPU.ActiveCfg = Release|Any CPU
		{DAD89A19-3400-4E27-9B95-DD6FAC4F9809}.Release|Any CPU.Build.0 = Release|Any CPU
		{30F8223B-FA7F-43AB-95E8-B89522200D82}.Debug|Any CPU.ActiveCfg = Debug|Any CPU
		{30F8223B-FA7F-43AB-95E8-B89522200D82}.Debug|Any CPU.Build.0 = Debug|Any CPU
		{30F8223B-FA7F-43AB-95E8-B89522200D82}.Release|Any CPU.ActiveCfg = Release|Any CPU
		{30F8223B-FA7F-43AB-95E8-B89522200D82}.Release|Any CPU.Build.0 = Release|Any CPU
		{8DFC57E9-8B63-46AC-9E3A-945F74BEAB66}.Debug|Any CPU.ActiveCfg = Debug|Any CPU
		{8DFC57E9-8B63-46AC-9E3A-945F74BEAB66}.Debug|Any CPU.Build.0 = Debug|Any CPU
		{8DFC57E9-8B63-46AC-9E3A-945F74BEAB66}.Release|Any CPU.ActiveCfg = Release|Any CPU
		{8DFC57E9-8B63-46AC-9E3A-945F74BEAB66}.Release|Any CPU.Build.0 = Release|Any CPU
		{5ACD0DF4-536B-47F9-A5CE-EADF6D934C83}.Debug|Any CPU.ActiveCfg = Debug|Any CPU
		{5ACD0DF4-536B-47F9-A5CE-EADF6D934C83}.Debug|Any CPU.Build.0 = Debug|Any CPU
		{5ACD0DF4-536B-47F9-A5CE-EADF6D934C83}.Release|Any CPU.ActiveCfg = Release|Any CPU
		{5ACD0DF4-536B-47F9-A5CE-EADF6D934C83}.Release|Any CPU.Build.0 = Release|Any CPU
		{FB54A046-C825-4E23-977E-CE1104DEB591}.Debug|Any CPU.ActiveCfg = Debug|Any CPU
		{FB54A046-C825-4E23-977E-CE1104DEB591}.Debug|Any CPU.Build.0 = Debug|Any CPU
		{FB54A046-C825-4E23-977E-CE1104DEB591}.Release|Any CPU.ActiveCfg = Release|Any CPU
		{FB54A046-C825-4E23-977E-CE1104DEB591}.Release|Any CPU.Build.0 = Release|Any CPU
		{3705923B-5968-46C0-915E-7F1696800D82}.Debug|Any CPU.ActiveCfg = Debug|Any CPU
		{3705923B-5968-46C0-915E-7F1696800D82}.Debug|Any CPU.Build.0 = Debug|Any CPU
		{3705923B-5968-46C0-915E-7F1696800D82}.Release|Any CPU.ActiveCfg = Release|Any CPU
		{3705923B-5968-46C0-915E-7F1696800D82}.Release|Any CPU.Build.0 = Release|Any CPU
		{611415F4-E436-4989-9CDA-C36D2F988F6A}.Debug|Any CPU.ActiveCfg = Debug|Any CPU
		{611415F4-E436-4989-9CDA-C36D2F988F6A}.Debug|Any CPU.Build.0 = Debug|Any CPU
		{611415F4-E436-4989-9CDA-C36D2F988F6A}.Release|Any CPU.ActiveCfg = Release|Any CPU
		{611415F4-E436-4989-9CDA-C36D2F988F6A}.Release|Any CPU.Build.0 = Release|Any CPU
		{29D2BB5E-68E7-49AD-A3F8-340497B7990B}.Debug|Any CPU.ActiveCfg = Debug|Any CPU
		{29D2BB5E-68E7-49AD-A3F8-340497B7990B}.Debug|Any CPU.Build.0 = Debug|Any CPU
		{29D2BB5E-68E7-49AD-A3F8-340497B7990B}.Release|Any CPU.ActiveCfg = Release|Any CPU
		{29D2BB5E-68E7-49AD-A3F8-340497B7990B}.Release|Any CPU.Build.0 = Release|Any CPU
		{DD3B70D2-FD50-495F-8DF9-B603383652DC}.Debug|Any CPU.ActiveCfg = Debug|Any CPU
		{DD3B70D2-FD50-495F-8DF9-B603383652DC}.Debug|Any CPU.Build.0 = Debug|Any CPU
		{DD3B70D2-FD50-495F-8DF9-B603383652DC}.Release|Any CPU.ActiveCfg = Release|Any CPU
		{DD3B70D2-FD50-495F-8DF9-B603383652DC}.Release|Any CPU.Build.0 = Release|Any CPU
		{2A19A9D2-9A3F-47FD-BC9B-A782D158E2AC}.Debug|Any CPU.ActiveCfg = Debug|Any CPU
		{2A19A9D2-9A3F-47FD-BC9B-A782D158E2AC}.Debug|Any CPU.Build.0 = Debug|Any CPU
		{2A19A9D2-9A3F-47FD-BC9B-A782D158E2AC}.Release|Any CPU.ActiveCfg = Release|Any CPU
		{2A19A9D2-9A3F-47FD-BC9B-A782D158E2AC}.Release|Any CPU.Build.0 = Release|Any CPU
		{5B4B513E-212E-44BA-8C31-428895DD9B7F}.Debug|Any CPU.ActiveCfg = Debug|Any CPU
		{5B4B513E-212E-44BA-8C31-428895DD9B7F}.Debug|Any CPU.Build.0 = Debug|Any CPU
		{5B4B513E-212E-44BA-8C31-428895DD9B7F}.Release|Any CPU.ActiveCfg = Release|Any CPU
		{5B4B513E-212E-44BA-8C31-428895DD9B7F}.Release|Any CPU.Build.0 = Release|Any CPU
		{A9C2961B-CAB6-48FA-9BC3-AD1CB56DEFCD}.Debug|Any CPU.ActiveCfg = Debug|Any CPU
		{A9C2961B-CAB6-48FA-9BC3-AD1CB56DEFCD}.Debug|Any CPU.Build.0 = Debug|Any CPU
		{A9C2961B-CAB6-48FA-9BC3-AD1CB56DEFCD}.Release|Any CPU.ActiveCfg = Release|Any CPU
		{A9C2961B-CAB6-48FA-9BC3-AD1CB56DEFCD}.Release|Any CPU.Build.0 = Release|Any CPU
		{D3701350-A8F5-4286-B587-A4C9366B59B9}.Debug|Any CPU.ActiveCfg = Debug|Any CPU
		{D3701350-A8F5-4286-B587-A4C9366B59B9}.Debug|Any CPU.Build.0 = Debug|Any CPU
		{D3701350-A8F5-4286-B587-A4C9366B59B9}.Release|Any CPU.ActiveCfg = Release|Any CPU
		{D3701350-A8F5-4286-B587-A4C9366B59B9}.Release|Any CPU.Build.0 = Release|Any CPU
		{C8B527B9-5C89-4A48-A6C9-78AFE3E5C9AC}.Debug|Any CPU.ActiveCfg = Debug|Any CPU
		{C8B527B9-5C89-4A48-A6C9-78AFE3E5C9AC}.Debug|Any CPU.Build.0 = Debug|Any CPU
		{C8B527B9-5C89-4A48-A6C9-78AFE3E5C9AC}.Release|Any CPU.ActiveCfg = Release|Any CPU
		{C8B527B9-5C89-4A48-A6C9-78AFE3E5C9AC}.Release|Any CPU.Build.0 = Release|Any CPU
		{3A62A682-5EDE-4D99-9D78-18763B37B6C2}.Debug|Any CPU.ActiveCfg = Debug|Any CPU
		{3A62A682-5EDE-4D99-9D78-18763B37B6C2}.Debug|Any CPU.Build.0 = Debug|Any CPU
		{3A62A682-5EDE-4D99-9D78-18763B37B6C2}.Release|Any CPU.ActiveCfg = Release|Any CPU
		{3A62A682-5EDE-4D99-9D78-18763B37B6C2}.Release|Any CPU.Build.0 = Release|Any CPU
		{7C0DBE1D-65AB-4E64-9278-8EA40F450CA2}.Debug|Any CPU.ActiveCfg = Debug|Any CPU
		{7C0DBE1D-65AB-4E64-9278-8EA40F450CA2}.Debug|Any CPU.Build.0 = Debug|Any CPU
		{7C0DBE1D-65AB-4E64-9278-8EA40F450CA2}.Release|Any CPU.ActiveCfg = Release|Any CPU
		{7C0DBE1D-65AB-4E64-9278-8EA40F450CA2}.Release|Any CPU.Build.0 = Release|Any CPU
		{27A45A2B-6AC7-4EE4-A081-1293756CEBAE}.Debug|Any CPU.ActiveCfg = Debug|Any CPU
		{27A45A2B-6AC7-4EE4-A081-1293756CEBAE}.Debug|Any CPU.Build.0 = Debug|Any CPU
		{27A45A2B-6AC7-4EE4-A081-1293756CEBAE}.Release|Any CPU.ActiveCfg = Release|Any CPU
		{27A45A2B-6AC7-4EE4-A081-1293756CEBAE}.Release|Any CPU.Build.0 = Release|Any CPU
		{7F004B63-20A9-4F88-83F0-8385217C3EA6}.Debug|Any CPU.ActiveCfg = Debug|Any CPU
		{7F004B63-20A9-4F88-83F0-8385217C3EA6}.Debug|Any CPU.Build.0 = Debug|Any CPU
		{7F004B63-20A9-4F88-83F0-8385217C3EA6}.Release|Any CPU.ActiveCfg = Release|Any CPU
		{7F004B63-20A9-4F88-83F0-8385217C3EA6}.Release|Any CPU.Build.0 = Release|Any CPU
		{04CF7A1E-602E-44B2-8B6C-78739F83F63E}.Debug|Any CPU.ActiveCfg = Debug|Any CPU
		{04CF7A1E-602E-44B2-8B6C-78739F83F63E}.Debug|Any CPU.Build.0 = Debug|Any CPU
		{04CF7A1E-602E-44B2-8B6C-78739F83F63E}.Release|Any CPU.ActiveCfg = Release|Any CPU
		{04CF7A1E-602E-44B2-8B6C-78739F83F63E}.Release|Any CPU.Build.0 = Release|Any CPU
		{0BB967A0-F265-48AC-B0CA-2BA48387B3A6}.Debug|Any CPU.ActiveCfg = Debug|Any CPU
		{0BB967A0-F265-48AC-B0CA-2BA48387B3A6}.Debug|Any CPU.Build.0 = Debug|Any CPU
		{0BB967A0-F265-48AC-B0CA-2BA48387B3A6}.Release|Any CPU.ActiveCfg = Release|Any CPU
		{0BB967A0-F265-48AC-B0CA-2BA48387B3A6}.Release|Any CPU.Build.0 = Release|Any CPU
		{E63B9315-25E6-474A-A4B4-3A0BBE301466}.Debug|Any CPU.ActiveCfg = Debug|Any CPU
		{E63B9315-25E6-474A-A4B4-3A0BBE301466}.Debug|Any CPU.Build.0 = Debug|Any CPU
		{E63B9315-25E6-474A-A4B4-3A0BBE301466}.Release|Any CPU.ActiveCfg = Release|Any CPU
		{E63B9315-25E6-474A-A4B4-3A0BBE301466}.Release|Any CPU.Build.0 = Release|Any CPU
		{A322BFC4-78EE-419D-BCEC-A4A9F2D3F475}.Debug|Any CPU.ActiveCfg = Debug|Any CPU
		{A322BFC4-78EE-419D-BCEC-A4A9F2D3F475}.Debug|Any CPU.Build.0 = Debug|Any CPU
		{A322BFC4-78EE-419D-BCEC-A4A9F2D3F475}.Release|Any CPU.ActiveCfg = Release|Any CPU
		{A322BFC4-78EE-419D-BCEC-A4A9F2D3F475}.Release|Any CPU.Build.0 = Release|Any CPU
		{2E632CF2-B45A-4D71-AC9C-102D1549DE9E}.Debug|Any CPU.ActiveCfg = Debug|Any CPU
		{2E632CF2-B45A-4D71-AC9C-102D1549DE9E}.Debug|Any CPU.Build.0 = Debug|Any CPU
		{2E632CF2-B45A-4D71-AC9C-102D1549DE9E}.Release|Any CPU.ActiveCfg = Release|Any CPU
		{2E632CF2-B45A-4D71-AC9C-102D1549DE9E}.Release|Any CPU.Build.0 = Release|Any CPU
		{28CD4734-9E44-4907-9008-031D17A25DEB}.Debug|Any CPU.ActiveCfg = Debug|Any CPU
		{28CD4734-9E44-4907-9008-031D17A25DEB}.Debug|Any CPU.Build.0 = Debug|Any CPU
		{28CD4734-9E44-4907-9008-031D17A25DEB}.Release|Any CPU.ActiveCfg = Release|Any CPU
		{28CD4734-9E44-4907-9008-031D17A25DEB}.Release|Any CPU.Build.0 = Release|Any CPU
		{7223E196-74FD-41D9-AF0C-CF495C620CB2}.Debug|Any CPU.ActiveCfg = Debug|Any CPU
		{7223E196-74FD-41D9-AF0C-CF495C620CB2}.Debug|Any CPU.Build.0 = Debug|Any CPU
		{7223E196-74FD-41D9-AF0C-CF495C620CB2}.Release|Any CPU.ActiveCfg = Release|Any CPU
		{7223E196-74FD-41D9-AF0C-CF495C620CB2}.Release|Any CPU.Build.0 = Release|Any CPU
		{E9778C2C-BBC6-49F4-B990-16AF7D072915}.Debug|Any CPU.ActiveCfg = Debug|Any CPU
		{E9778C2C-BBC6-49F4-B990-16AF7D072915}.Debug|Any CPU.Build.0 = Debug|Any CPU
		{E9778C2C-BBC6-49F4-B990-16AF7D072915}.Release|Any CPU.ActiveCfg = Release|Any CPU
		{E9778C2C-BBC6-49F4-B990-16AF7D072915}.Release|Any CPU.Build.0 = Release|Any CPU
		{47A7765A-25DC-40D8-B7E9-E39DF9CDDB76}.Debug|Any CPU.ActiveCfg = Debug|Any CPU
		{47A7765A-25DC-40D8-B7E9-E39DF9CDDB76}.Debug|Any CPU.Build.0 = Debug|Any CPU
		{47A7765A-25DC-40D8-B7E9-E39DF9CDDB76}.Release|Any CPU.ActiveCfg = Release|Any CPU
		{47A7765A-25DC-40D8-B7E9-E39DF9CDDB76}.Release|Any CPU.Build.0 = Release|Any CPU
		{94F1347C-528D-4093-BD99-404227A96924}.Debug|Any CPU.ActiveCfg = Debug|Any CPU
		{94F1347C-528D-4093-BD99-404227A96924}.Debug|Any CPU.Build.0 = Debug|Any CPU
		{94F1347C-528D-4093-BD99-404227A96924}.Release|Any CPU.ActiveCfg = Release|Any CPU
		{94F1347C-528D-4093-BD99-404227A96924}.Release|Any CPU.Build.0 = Release|Any CPU
		{FAE6636B-E1A9-44F8-A0E1-76A5F2FD8D28}.Debug|Any CPU.ActiveCfg = Debug|Any CPU
		{FAE6636B-E1A9-44F8-A0E1-76A5F2FD8D28}.Debug|Any CPU.Build.0 = Debug|Any CPU
		{FAE6636B-E1A9-44F8-A0E1-76A5F2FD8D28}.Release|Any CPU.ActiveCfg = Release|Any CPU
		{FAE6636B-E1A9-44F8-A0E1-76A5F2FD8D28}.Release|Any CPU.Build.0 = Release|Any CPU
		{5C3FB214-11FE-4B76-B3CE-4FB58DB61E9E}.Debug|Any CPU.ActiveCfg = Debug|Any CPU
		{5C3FB214-11FE-4B76-B3CE-4FB58DB61E9E}.Debug|Any CPU.Build.0 = Debug|Any CPU
		{5C3FB214-11FE-4B76-B3CE-4FB58DB61E9E}.Release|Any CPU.ActiveCfg = Release|Any CPU
		{5C3FB214-11FE-4B76-B3CE-4FB58DB61E9E}.Release|Any CPU.Build.0 = Release|Any CPU
		{6BDD7173-0F10-413D-A8C5-D2777D566743}.Debug|Any CPU.ActiveCfg = Debug|Any CPU
		{6BDD7173-0F10-413D-A8C5-D2777D566743}.Debug|Any CPU.Build.0 = Debug|Any CPU
		{6BDD7173-0F10-413D-A8C5-D2777D566743}.Release|Any CPU.ActiveCfg = Release|Any CPU
		{6BDD7173-0F10-413D-A8C5-D2777D566743}.Release|Any CPU.Build.0 = Release|Any CPU
	EndGlobalSection
	GlobalSection(SolutionProperties) = preSolution
		HideSolutionNode = FALSE
	EndGlobalSection
	GlobalSection(NestedProjects) = preSolution
		{9EAE3303-7803-49F1-AA0B-DAEEFF49FF64} = {70BD7BAB-1374-4D03-AB29-3AE4C0A57CD0}
		{57370FA0-9C36-448A-84D6-6D662F924793} = {70BD7BAB-1374-4D03-AB29-3AE4C0A57CD0}
		{B3967B34-DFEB-4CB7-A675-74BE4945663D} = {0D6A7AC6-46F5-41C0-92E2-E2BD5CC16C0F}
		{C133C627-9A11-48A4-A280-FAE805C651C5} = {0D6A7AC6-46F5-41C0-92E2-E2BD5CC16C0F}
		{6068A30D-D55F-4DE7-95F0-CBC5B811FB09} = {0D6A7AC6-46F5-41C0-92E2-E2BD5CC16C0F}
		{1D614E3A-4B4E-4319-800A-8FC8D58750E0} = {1482BD19-63FB-4569-811F-03493502AB92}
		{7D10B9C0-072D-418B-9E96-543C73CDD20E} = {1482BD19-63FB-4569-811F-03493502AB92}
		{0215AFE5-F6B1-41CB-A63B-380ACD9DE1C1} = {1482BD19-63FB-4569-811F-03493502AB92}
		{4632EBE1-976B-4530-9431-65E5A600F591} = {527A17E2-B008-4F14-9547-897F51D973E4}
		{0E258B7E-4314-4805-B4CC-66B0166795FF} = {527A17E2-B008-4F14-9547-897F51D973E4}
		{83375DF8-CE31-46E3-8C10-44CA289532D2} = {527A17E2-B008-4F14-9547-897F51D973E4}
		{DC3204C7-384D-43A7-9ADC-6EB6A469C0D8} = {527A17E2-B008-4F14-9547-897F51D973E4}
		{6B150DC2-FB71-4884-95D3-78BE9580F5AD} = {9EAE3303-7803-49F1-AA0B-DAEEFF49FF64}
		{74431CBB-CC99-4613-8776-42A6091C85FC} = {57370FA0-9C36-448A-84D6-6D662F924793}
		{59480DF7-F8E9-4F56-B14B-EDC52FD25662} = {6068A30D-D55F-4DE7-95F0-CBC5B811FB09}
		{270F9B57-3BDA-4E45-9E77-A73329866CD5} = {B3967B34-DFEB-4CB7-A675-74BE4945663D}
		{66A87D98-BE61-4852-9036-F2B34583FAE1} = {C133C627-9A11-48A4-A280-FAE805C651C5}
		{79854A69-E50D-4127-A2AE-EFBDDF9EB9B5} = {0215AFE5-F6B1-41CB-A63B-380ACD9DE1C1}
		{C652F425-E9BB-4CF2-B2C1-E32E1AB13E94} = {1D614E3A-4B4E-4319-800A-8FC8D58750E0}
		{E19AF0B2-C15F-4208-9759-4F34646B7BD0} = {7D10B9C0-072D-418B-9E96-543C73CDD20E}
		{3CF22A38-3E69-4C83-8606-AD2AE3214A1E} = {83375DF8-CE31-46E3-8C10-44CA289532D2}
		{EDEADFD8-EE8F-4186-A521-0E281C9C8636} = {4632EBE1-976B-4530-9431-65E5A600F591}
		{2512B173-6D68-4339-BD3C-322B08618C8D} = {DC3204C7-384D-43A7-9ADC-6EB6A469C0D8}
		{449908F5-B7D2-442A-8FE1-B6656558B1EF} = {0E258B7E-4314-4805-B4CC-66B0166795FF}
		{B3822524-EDDE-432D-8565-375CA677947D} = {70BD7BAB-1374-4D03-AB29-3AE4C0A57CD0}
		{4EC8BBA8-F0B5-4B74-A7E1-56E5D6CAFF83} = {0D6A7AC6-46F5-41C0-92E2-E2BD5CC16C0F}
		{7D67B4A2-202A-4A63-873D-AA54BB31131A} = {1482BD19-63FB-4569-811F-03493502AB92}
		{86DA968B-4105-4674-B877-CA7C3CFE23FF} = {527A17E2-B008-4F14-9547-897F51D973E4}
		{740EB7A4-4B72-40AD-81E1-7FB2184E769E} = {86DA968B-4105-4674-B877-CA7C3CFE23FF}
		{9BDF4F45-0D45-48C3-84D4-2BE0E1D3530A} = {7D67B4A2-202A-4A63-873D-AA54BB31131A}
		{531E0730-0CAC-4299-9136-E96664E5DF0A} = {4EC8BBA8-F0B5-4B74-A7E1-56E5D6CAFF83}
		{BDEC979E-F53E-4910-844B-27420AA0D783} = {B3822524-EDDE-432D-8565-375CA677947D}
		{9E5072D9-9366-4550-8DD4-460DC9A82604} = {70BD7BAB-1374-4D03-AB29-3AE4C0A57CD0}
		{22D30187-6039-4EA1-AF03-8F8DDE9C3402} = {9E5072D9-9366-4550-8DD4-460DC9A82604}
		{B39916B2-96E3-4D9B-905B-C94BB9144525} = {84FF00A2-E2DE-446F-8A44-7DC8EA5DB333}
		{9FA2214C-C2D2-490D-B25B-EFD98A1B17D8} = {B39916B2-96E3-4D9B-905B-C94BB9144525}
		{F38FCE21-8398-4650-8DEB-4CA4082B82A6} = {527A17E2-B008-4F14-9547-897F51D973E4}
		{55404948-9015-4D97-A5A7-69B17C58322E} = {1482BD19-63FB-4569-811F-03493502AB92}
		{A6843CEC-AEB9-4EE2-ACC7-17737BA56A32} = {55404948-9015-4D97-A5A7-69B17C58322E}
		{02E5F70B-7E62-486A-B6DE-3F8AA0F95E1F} = {0D6A7AC6-46F5-41C0-92E2-E2BD5CC16C0F}
		{EACFC743-A06E-499E-9B77-66B931BBE2B2} = {02E5F70B-7E62-486A-B6DE-3F8AA0F95E1F}
		{9F109666-CFC4-42DB-BA9C-73F42E28FD44} = {70BD7BAB-1374-4D03-AB29-3AE4C0A57CD0}
		{EE310DC9-2AF5-4101-A1C8-9F65A98A1A24} = {9F109666-CFC4-42DB-BA9C-73F42E28FD44}
		{49B5F600-FCED-4F25-9DCD-7E5D616FE274} = {527A17E2-B008-4F14-9547-897F51D973E4}
		{9A74B112-DC72-44EC-93E4-B8D7E5C67CBA} = {49B5F600-FCED-4F25-9DCD-7E5D616FE274}
		{4A53DB33-4041-41C6-9362-502A97B2A4EE} = {1482BD19-63FB-4569-811F-03493502AB92}
		{C03D6241-63F4-4BC6-8E3D-EE3D52C41E5E} = {4A53DB33-4041-41C6-9362-502A97B2A4EE}
		{32B0FD1A-3E1F-4E1B-944F-3A9F26921A34} = {0D6A7AC6-46F5-41C0-92E2-E2BD5CC16C0F}
		{D4A71B82-14EE-45DF-BB97-AE3E5DBC7367} = {32B0FD1A-3E1F-4E1B-944F-3A9F26921A34}
		{C9A1047D-42CB-4D66-A62C-7E1050165B2C} = {70BD7BAB-1374-4D03-AB29-3AE4C0A57CD0}
		{CE6B737B-0A83-4DA2-A946-92A2559CCE89} = {C9A1047D-42CB-4D66-A62C-7E1050165B2C}
		{EC744C34-10CD-4886-9336-C680D5DC1367} = {70BD7BAB-1374-4D03-AB29-3AE4C0A57CD0}
		{445211C9-ACA9-4F5D-9219-D1282F7906D1} = {EC744C34-10CD-4886-9336-C680D5DC1367}
		{4741402A-E691-4F4A-85A9-AFEFDEF37EBA} = {0215AFE5-F6B1-41CB-A63B-380ACD9DE1C1}
		{7CC23288-A98B-4C54-A588-DCA0BC8082E7} = {F38FCE21-8398-4650-8DEB-4CA4082B82A6}
		{E6CEA93F-B3E6-49D5-9F34-292831C0F069} = {49B5F600-FCED-4F25-9DCD-7E5D616FE274}
		{9F86C645-DC29-4B7C-876D-5CF964BD0DA5} = {86DA968B-4105-4674-B877-CA7C3CFE23FF}
		{DE80ECAD-93FD-44A1-A600-1EB7A5D03C5A} = {83375DF8-CE31-46E3-8C10-44CA289532D2}
		{5D039CE5-C5C5-4006-871E-7DDCB2841A5D} = {0E258B7E-4314-4805-B4CC-66B0166795FF}
		{DAD89A19-3400-4E27-9B95-DD6FAC4F9809} = {4632EBE1-976B-4530-9431-65E5A600F591}
		{30F8223B-FA7F-43AB-95E8-B89522200D82} = {F38FCE21-8398-4650-8DEB-4CA4082B82A6}
		{C020BDB3-35EE-401C-B94C-46A64CB9746D} = {527A17E2-B008-4F14-9547-897F51D973E4}
		{94D8F11C-AFD8-45DF-9C1B-57D39D0EDDA1} = {1482BD19-63FB-4569-811F-03493502AB92}
		{67D4466E-3D9A-49D0-8F7A-E555DF45FA6A} = {0D6A7AC6-46F5-41C0-92E2-E2BD5CC16C0F}
		{E27BA18C-39A3-41D1-9A94-93791C119329} = {70BD7BAB-1374-4D03-AB29-3AE4C0A57CD0}
		{8DFC57E9-8B63-46AC-9E3A-945F74BEAB66} = {C020BDB3-35EE-401C-B94C-46A64CB9746D}
		{5ACD0DF4-536B-47F9-A5CE-EADF6D934C83} = {C020BDB3-35EE-401C-B94C-46A64CB9746D}
		{FB54A046-C825-4E23-977E-CE1104DEB591} = {94D8F11C-AFD8-45DF-9C1B-57D39D0EDDA1}
		{3705923B-5968-46C0-915E-7F1696800D82} = {67D4466E-3D9A-49D0-8F7A-E555DF45FA6A}
		{611415F4-E436-4989-9CDA-C36D2F988F6A} = {E27BA18C-39A3-41D1-9A94-93791C119329}
		{29D2BB5E-68E7-49AD-A3F8-340497B7990B} = {C020BDB3-35EE-401C-B94C-46A64CB9746D}
		{DD3B70D2-FD50-495F-8DF9-B603383652DC} = {67D4466E-3D9A-49D0-8F7A-E555DF45FA6A}
		{2A19A9D2-9A3F-47FD-BC9B-A782D158E2AC} = {EC744C34-10CD-4886-9336-C680D5DC1367}
		{5B4B513E-212E-44BA-8C31-428895DD9B7F} = {EC744C34-10CD-4886-9336-C680D5DC1367}
		{A9C2961B-CAB6-48FA-9BC3-AD1CB56DEFCD} = {EC744C34-10CD-4886-9336-C680D5DC1367}
		{D3701350-A8F5-4286-B587-A4C9366B59B9} = {EC744C34-10CD-4886-9336-C680D5DC1367}
		{C8B527B9-5C89-4A48-A6C9-78AFE3E5C9AC} = {EC744C34-10CD-4886-9336-C680D5DC1367}
		{3A62A682-5EDE-4D99-9D78-18763B37B6C2} = {EC744C34-10CD-4886-9336-C680D5DC1367}
		{7C0DBE1D-65AB-4E64-9278-8EA40F450CA2} = {EC744C34-10CD-4886-9336-C680D5DC1367}
		{02EA681E-C7D8-13C7-8484-4AC65E1B71E8} = {70BD7BAB-1374-4D03-AB29-3AE4C0A57CD0}
		{63D642F1-F3EE-40DD-8B93-A826C260328F} = {0D6A7AC6-46F5-41C0-92E2-E2BD5CC16C0F}
		{0A0D7EC1-E0EF-49AC-82AA-F0BE1CBCB03D} = {1482BD19-63FB-4569-811F-03493502AB92}
		{5E1FCEAD-D828-4299-9D5E-16AA85ED934F} = {527A17E2-B008-4F14-9547-897F51D973E4}
		{27A45A2B-6AC7-4EE4-A081-1293756CEBAE} = {5E1FCEAD-D828-4299-9D5E-16AA85ED934F}
		{7F004B63-20A9-4F88-83F0-8385217C3EA6} = {0A0D7EC1-E0EF-49AC-82AA-F0BE1CBCB03D}
		{04CF7A1E-602E-44B2-8B6C-78739F83F63E} = {63D642F1-F3EE-40DD-8B93-A826C260328F}
		{0BB967A0-F265-48AC-B0CA-2BA48387B3A6} = {02EA681E-C7D8-13C7-8484-4AC65E1B71E8}
		{16D0579B-565A-4972-AA86-E6241D180432} = {70BD7BAB-1374-4D03-AB29-3AE4C0A57CD0}
		{A3C4E421-08BB-48AD-B0E4-88FE643A61D4} = {0D6A7AC6-46F5-41C0-92E2-E2BD5CC16C0F}
		{FE9E88A5-0EC9-4CC2-9C59-7B433041969C} = {1482BD19-63FB-4569-811F-03493502AB92}
		{F2D79393-13CB-4A39-A0CC-8554E23CBE8A} = {527A17E2-B008-4F14-9547-897F51D973E4}
		{E63B9315-25E6-474A-A4B4-3A0BBE301466} = {A3C4E421-08BB-48AD-B0E4-88FE643A61D4}
		{A322BFC4-78EE-419D-BCEC-A4A9F2D3F475} = {FE9E88A5-0EC9-4CC2-9C59-7B433041969C}
		{2E632CF2-B45A-4D71-AC9C-102D1549DE9E} = {F2D79393-13CB-4A39-A0CC-8554E23CBE8A}
		{28CD4734-9E44-4907-9008-031D17A25DEB} = {F2D79393-13CB-4A39-A0CC-8554E23CBE8A}
		{7223E196-74FD-41D9-AF0C-CF495C620CB2} = {16D0579B-565A-4972-AA86-E6241D180432}
		{E7016FBA-9C1F-42BC-AC58-6333D28D64AD} = {527A17E2-B008-4F14-9547-897F51D973E4}
		{E9778C2C-BBC6-49F4-B990-16AF7D072915} = {E7016FBA-9C1F-42BC-AC58-6333D28D64AD}
		{44B2ECAB-D046-4404-8392-1715A3EF9B02} = {527A17E2-B008-4F14-9547-897F51D973E4}
		{47A7765A-25DC-40D8-B7E9-E39DF9CDDB76} = {44B2ECAB-D046-4404-8392-1715A3EF9B02}
		{94F1347C-528D-4093-BD99-404227A96924} = {44B2ECAB-D046-4404-8392-1715A3EF9B02}
		{A4F7E1CA-C279-49B4-ADE8-8286F079CD34} = {1482BD19-63FB-4569-811F-03493502AB92}
		{FAE6636B-E1A9-44F8-A0E1-76A5F2FD8D28} = {A4F7E1CA-C279-49B4-ADE8-8286F079CD34}
		{C597283E-BDD2-4104-8DD3-353AF20FD1AE} = {0D6A7AC6-46F5-41C0-92E2-E2BD5CC16C0F}
		{5C3FB214-11FE-4B76-B3CE-4FB58DB61E9E} = {C597283E-BDD2-4104-8DD3-353AF20FD1AE}
		{DFFFED67-812D-47E4-B247-7066C3BBBF3B} = {70BD7BAB-1374-4D03-AB29-3AE4C0A57CD0}
		{6BDD7173-0F10-413D-A8C5-D2777D566743} = {DFFFED67-812D-47E4-B247-7066C3BBBF3B}
	EndGlobalSection
	GlobalSection(ExtensibilityGlobals) = postSolution
		SolutionGuid = {BDB0EEF0-E19B-4A0B-954F-2DE5CAF2536D}
	EndGlobalSection
	GlobalSection(TeamFoundationVersionControl) = preSolution
		SccNumberOfProjects = 63
		SccEnterpriseProvider = {4CA58AB2-18FA-4F8D-95D4-32DDF27D184C}
		SccTeamFoundationServer = http://10.10.1.8/tfs/nimbleroot
		SccLocalPath0 = .
		SccProjectUniqueName1 = 01API\\BankFeed.API\\BankFeed.API\\BankFeed.API.csproj
		SccProjectTopLevelParentUniqueName1 = NimblePropertyMicroServices.sln
		SccProjectName1 = 01API/BankFeed.API/BankFeed.API
		SccLocalPath1 = 01API\\BankFeed.API\\BankFeed.API
		SccProjectUniqueName2 = 01API\\Common.API\\Common.API\\Common.API.csproj
		SccProjectTopLevelParentUniqueName2 = NimblePropertyMicroServices.sln
		SccProjectName2 = 01API/Common.API/Common.API
		SccLocalPath2 = 01API\\Common.API\\Common.API
		SccProjectUniqueName3 = 01API\\ConsoleApps\\AutoSynchFeeds\\AutoSynchFeeds.csproj
		SccProjectTopLevelParentUniqueName3 = NimblePropertyMicroServices.sln
		SccProjectName3 = 01API/ConsoleApps/AutoSynchFeeds
		SccLocalPath3 = 01API\\ConsoleApps\\AutoSynchFeeds
		SccProjectUniqueName4 = 01API\\CoreAccounting.API\\CoreAccounting.API.csproj
		SccProjectTopLevelParentUniqueName4 = NimblePropertyMicroServices.sln
		SccProjectName4 = 01API/CoreAccounting.API
		SccLocalPath4 = 01API\\CoreAccounting.API
		SccProjectUniqueName5 = 01API\\DailySales.API\\DailySales.API\\DailySales.API.csproj
		SccProjectTopLevelParentUniqueName5 = NimblePropertyMicroServices.sln
		SccProjectName5 = 01API/DailySales.API/DailySales.API
		SccLocalPath5 = 01API\\DailySales.API\\DailySales.API
		SccProjectUniqueName6 = 01API\\Dashboard.API\\Dashboard.API.csproj
		SccProjectTopLevelParentUniqueName6 = NimblePropertyMicroServices.sln
		SccProjectName6 = 01API/Dashboard.API
		SccLocalPath6 = 01API\\Dashboard.API
		SccProjectUniqueName7 = 01API\\Payable.API\\Payable.API.csproj
		SccProjectTopLevelParentUniqueName7 = NimblePropertyMicroServices.sln
		SccProjectName7 = 01API/Payable.API
		SccLocalPath7 = 01API\\Payable.API
		SccProjectUniqueName8 = 01API\\UserMgmt.API\\UserMgmt.API.csproj
		SccProjectTopLevelParentUniqueName8 = NimblePropertyMicroServices.sln
		SccProjectName8 = 01API/UserMgmt.API
		SccLocalPath8 = 01API\\UserMgmt.API
		SccProjectUniqueName9 = 02INFRA\\BankFeed.Infra\\BankFeed.Infra\\BankFeed.Infra.csproj
		SccProjectTopLevelParentUniqueName9 = NimblePropertyMicroServices.sln
		SccProjectName9 = 02INFRA/BankFeed.Infra/BankFeed.Infra
		SccLocalPath9 = 02INFRA\\BankFeed.Infra\\BankFeed.Infra
		SccProjectUniqueName10 = 02INFRA\\Common.Infra\\Common.Infra.csproj
		SccProjectTopLevelParentUniqueName10 = NimblePropertyMicroServices.sln
		SccProjectName10 = 02INFRA/Common.Infra
		SccLocalPath10 = 02INFRA\\Common.Infra
		SccProjectUniqueName11 = 02INFRA\\CoreAccounting.Infra\\CoreAccounting.Infra.csproj
		SccProjectTopLevelParentUniqueName11 = NimblePropertyMicroServices.sln
		SccProjectName11 = 02INFRA/CoreAccounting.Infra
		SccLocalPath11 = 02INFRA\\CoreAccounting.Infra
		SccProjectUniqueName12 = 02INFRA\\DailySales.Infra\\DailySales.Infra\\DailySales.Infra.csproj
		SccProjectTopLevelParentUniqueName12 = NimblePropertyMicroServices.sln
		SccProjectName12 = 02INFRA/DailySales.Infra/DailySales.Infra
		SccLocalPath12 = 02INFRA\\DailySales.Infra\\DailySales.Infra
		SccProjectUniqueName13 = 02INFRA\\Dashboard.Infra\\Dashboard.Infra.csproj
		SccProjectTopLevelParentUniqueName13 = NimblePropertyMicroServices.sln
		SccProjectName13 = 02INFRA/Dashboard.Infra
		SccLocalPath13 = 02INFRA\\Dashboard.Infra
		SccProjectUniqueName14 = 02INFRA\\Payable.Infra\\Payable.Infra.csproj
		SccProjectTopLevelParentUniqueName14 = NimblePropertyMicroServices.sln
		SccProjectName14 = 02INFRA/Payable.Infra
		SccLocalPath14 = 02INFRA\\Payable.Infra
		SccProjectUniqueName15 = 02INFRA\\UserMgmt.Infra\\UserMgmt.Infra.csproj
		SccProjectTopLevelParentUniqueName15 = NimblePropertyMicroServices.sln
		SccProjectName15 = 02INFRA/UserMgmt.Infra
		SccLocalPath15 = 02INFRA\\UserMgmt.Infra
		SccProjectUniqueName16 = 03APP\\BankFeed.App\\BankFeed.App\\BankFeed.App.csproj
		SccProjectTopLevelParentUniqueName16 = NimblePropertyMicroServices.sln
		SccProjectName16 = 03APP/BankFeed.App/BankFeed.App
		SccLocalPath16 = 03APP\\BankFeed.App\\BankFeed.App
		SccProjectUniqueName17 = 03APP\\Common.App\\Common.App.csproj
		SccProjectTopLevelParentUniqueName17 = NimblePropertyMicroServices.sln
		SccProjectName17 = 03APP/Common.App
		SccLocalPath17 = 03APP\\Common.App
		SccProjectUniqueName18 = 03APP\\Common.Sharing\\Common.Sharing.csproj
		SccProjectTopLevelParentUniqueName18 = NimblePropertyMicroServices.sln
		SccProjectName18 = 03APP/Common.Sharing
		SccLocalPath18 = 03APP\\Common.Sharing
		SccProjectUniqueName19 = 03APP\\CoreAccounting.App\\CoreAccounting.App.csproj
		SccProjectTopLevelParentUniqueName19 = NimblePropertyMicroServices.sln
		SccProjectName19 = 03APP/CoreAccounting.App
		SccLocalPath19 = 03APP\\CoreAccounting.App
		SccProjectUniqueName20 = 03APP\\DailySales.App\\DailySales.App\\DailySales.App.csproj
		SccProjectTopLevelParentUniqueName20 = NimblePropertyMicroServices.sln
		SccProjectName20 = 03APP/DailySales.App/DailySales.App
		SccLocalPath20 = 03APP\\DailySales.App\\DailySales.App
		SccProjectUniqueName21 = 03APP\\Dashboard.App\\Dashboard.App.csproj
		SccProjectTopLevelParentUniqueName21 = NimblePropertyMicroServices.sln
		SccProjectName21 = 03APP/Dashboard.App
		SccLocalPath21 = 03APP\\Dashboard.App
		SccProjectUniqueName22 = 03APP\\Payable.App\\Payable.App.csproj
		SccProjectTopLevelParentUniqueName22 = NimblePropertyMicroServices.sln
		SccProjectName22 = 03APP/Payable.App
		SccLocalPath22 = 03APP\\Payable.App
		SccProjectUniqueName23 = 03APP\\UserMgmt.App\\UserMgmt.App.csproj
		SccProjectTopLevelParentUniqueName23 = NimblePropertyMicroServices.sln
		SccProjectName23 = 03APP/UserMgmt.App
		SccLocalPath23 = 03APP\\UserMgmt.App
		SccProjectUniqueName24 = 04DOMAIN\\BankFeed.Domain.DTO\\BankFeed.Domain.DTO.csproj
		SccProjectTopLevelParentUniqueName24 = NimblePropertyMicroServices.sln
		SccProjectName24 = 04DOMAIN/BankFeed.Domain.DTO
		SccLocalPath24 = 04DOMAIN\\BankFeed.Domain.DTO
		SccProjectUniqueName25 = 04DOMAIN\\BankFeed.Domain\\BankFeed.Domain.csproj
		SccProjectTopLevelParentUniqueName25 = NimblePropertyMicroServices.sln
		SccProjectName25 = 04DOMAIN/BankFeed.Domain
		SccLocalPath25 = 04DOMAIN\\BankFeed.Domain
		SccProjectUniqueName26 = 04DOMAIN\\Common.Domain.DTO\\Common.Domain.DTO.csproj
		SccProjectTopLevelParentUniqueName26 = NimblePropertyMicroServices.sln
		SccProjectName26 = 04DOMAIN/Common.Domain.DTO
		SccLocalPath26 = 04DOMAIN\\Common.Domain.DTO
		SccProjectUniqueName27 = 04DOMAIN\\Common.Domain\\Common.Domain.csproj
		SccProjectTopLevelParentUniqueName27 = NimblePropertyMicroServices.sln
		SccProjectName27 = 04DOMAIN/Common.Domain
		SccLocalPath27 = 04DOMAIN\\Common.Domain
		SccProjectUniqueName28 = 04DOMAIN\\CoreAccounting.Domain.DTO\\CoreAccounting.Domain.DTO.csproj
		SccProjectTopLevelParentUniqueName28 = NimblePropertyMicroServices.sln
		SccProjectName28 = 04DOMAIN/CoreAccounting.Domain.DTO
		SccLocalPath28 = 04DOMAIN\\CoreAccounting.Domain.DTO
		SccProjectUniqueName29 = 04DOMAIN\\CoreAccounting.Domain\\CoreAccounting.Domain.csproj
		SccProjectTopLevelParentUniqueName29 = NimblePropertyMicroServices.sln
		SccProjectName29 = 04DOMAIN/CoreAccounting.Domain
		SccLocalPath29 = 04DOMAIN\\CoreAccounting.Domain
		SccProjectUniqueName30 = 04DOMAIN\\DailySales.Domain.DTO\\DailySales.Domain.DTO.csproj
		SccProjectTopLevelParentUniqueName30 = NimblePropertyMicroServices.sln
		SccProjectName30 = 04DOMAIN/DailySales.Domain.DTO
		SccLocalPath30 = 04DOMAIN\\DailySales.Domain.DTO
		SccProjectUniqueName31 = 04DOMAIN\\DailySales.Domain\\DailySales.Domain\\DailySales.Domain.csproj
		SccProjectTopLevelParentUniqueName31 = NimblePropertyMicroServices.sln
		SccProjectName31 = 04DOMAIN/DailySales.Domain/DailySales.Domain
		SccLocalPath31 = 04DOMAIN\\DailySales.Domain\\DailySales.Domain
		SccProjectUniqueName32 = 04DOMAIN\\Dashboard.Domain.DTO\\Dashboard.Domain.DTO.csproj
		SccProjectTopLevelParentUniqueName32 = NimblePropertyMicroServices.sln
		SccProjectName32 = 04DOMAIN/Dashboard.Domain.DTO
		SccLocalPath32 = 04DOMAIN\\Dashboard.Domain.DTO
		SccProjectUniqueName33 = 04DOMAIN\\Dashboard.Domain\\Dashboard.Domain.csproj
		SccProjectTopLevelParentUniqueName33 = NimblePropertyMicroServices.sln
		SccProjectName33 = 04DOMAIN/Dashboard.Domain
		SccLocalPath33 = 04DOMAIN\\Dashboard.Domain
		SccProjectUniqueName34 = 04DOMAIN\\DataModel.Domain\\DataModel.Domain.csproj
		SccProjectTopLevelParentUniqueName34 = NimblePropertyMicroServices.sln
		SccProjectName34 = 04DOMAIN/DataModel.Domain
		SccLocalPath34 = 04DOMAIN\\DataModel.Domain
		SccProjectUniqueName35 = 04DOMAIN\\Payable.Domain.DTO\\Payable.Domain.DTO.csproj
		SccProjectTopLevelParentUniqueName35 = NimblePropertyMicroServices.sln
		SccProjectName35 = 04DOMAIN/Payable.Domain.DTO
		SccLocalPath35 = 04DOMAIN\\Payable.Domain.DTO
		SccProjectUniqueName36 = 04DOMAIN\\Payable.Domain\\Payable.Domain.csproj
		SccProjectTopLevelParentUniqueName36 = NimblePropertyMicroServices.sln
		SccProjectName36 = 04DOMAIN/Payable.Domain
		SccLocalPath36 = 04DOMAIN\\Payable.Domain
		SccProjectUniqueName37 = 04DOMAIN\\UserMgmt.Domain.DTO\\UserMgmt.Domain.DTO.csproj
		SccProjectTopLevelParentUniqueName37 = NimblePropertyMicroServices.sln
		SccProjectName37 = 04DOMAIN/UserMgmt.Domain.DTO
		SccLocalPath37 = 04DOMAIN\\UserMgmt.Domain.DTO
		SccProjectUniqueName38 = 04DOMAIN\\UserMgmt.Domain\\UserMgmt.Domain.csproj
		SccProjectTopLevelParentUniqueName38 = NimblePropertyMicroServices.sln
		SccProjectName38 = 04DOMAIN/UserMgmt.Domain
		SccLocalPath38 = 04DOMAIN\\UserMgmt.Domain
		SccProjectUniqueName39 = 04DOMAIN\\Dashboard.Analytics.Domain\\Dashboard.Analytics.Domain.csproj
		SccProjectTopLevelParentUniqueName39 = NimblePropertyMicroServices.sln
		SccProjectName39 = 04DOMAIN/Dashboard.Analytics.Domain
		SccLocalPath39 = 04DOMAIN\\Dashboard.Analytics.Domain
		SccProjectUniqueName40 = 02INFRA\\Dashboard.Analytics.Infra\\Dashboard.Analytics.Infra.csproj
		SccProjectTopLevelParentUniqueName40 = NimblePropertyMicroServices.sln
		SccProjectName40 = 02INFRA/Dashboard.Analytics.Infra
		SccLocalPath40 = 02INFRA\\Dashboard.Analytics.Infra
		SccProjectUniqueName41 = 01API\\ConsoleApps\\RulesDumpingFromSourceTODestination\\RulesDumpingFromSourceTODestination.csproj
		SccProjectTopLevelParentUniqueName41 = NimblePropertyMicroServices.sln
		SccProjectName41 = 01API/ConsoleApps/RulesDumpingFromSourceTODestination
		SccLocalPath41 = 01API\\ConsoleApps\\RulesDumpingFromSourceTODestination
		SccProjectUniqueName42 = 01API\\ConsoleApps\\AutoRecurring\\AutoRecurring.csproj
		SccProjectTopLevelParentUniqueName42 = NimblePropertyMicroServices.sln
		SccProjectName42 = 01API/ConsoleApps/AutoRecurring
		SccLocalPath42 = 01API\\ConsoleApps\\AutoRecurring
		SccProjectUniqueName43 = BankFeedAutoSynchService\\BankFeedAutoSynchService.csproj
		SccProjectTopLevelParentUniqueName43 = NimblePropertyMicroServices.sln
		SccProjectName43 = BankFeedAutoSynchService
		SccLocalPath43 = BankFeedAutoSynchService
		SccProjectUniqueName44 = UserMigrationService\\UserMigrationService.csproj
		SccProjectTopLevelParentUniqueName44 = NimblePropertyMicroServices.sln
		SccProjectName44 = UserMigrationService
		SccLocalPath44 = UserMigrationService
		SccProjectUniqueName45 = WrkSpotIntegration\\WrkSpotIntegration.csproj
		SccProjectTopLevelParentUniqueName45 = NimblePropertyMicroServices.sln
		SccProjectName45 = WrkSpotIntegration
		SccLocalPath45 = WrkSpotIntegration
		SccProjectUniqueName46 = 01API\\ConsoleApps\\RepayPaidConsole\\RepayPaidConsole.csproj
		SccProjectTopLevelParentUniqueName46 = NimblePropertyMicroServices.sln
		SccProjectName46 = 01API/ConsoleApps/RepayPaidConsole
		SccLocalPath46 = 01API\\ConsoleApps\\RepayPaidConsole
		SccProjectUniqueName47 = ScheduleBillPayments\\ScheduleBillPayments.csproj
		SccProjectTopLevelParentUniqueName47 = NimblePropertyMicroServices.sln
		SccProjectName47 = ScheduleBillPayments
		SccLocalPath47 = ScheduleBillPayments
		SccProjectUniqueName48 = 04DOMAIN\\WareHouseSynch.Domain\\WareHouseSynch.Domain.csproj
		SccProjectTopLevelParentUniqueName48 = NimblePropertyMicroServices.sln
		SccProjectName48 = 04DOMAIN/WareHouseSynch.Domain
		SccLocalPath48 = 04DOMAIN\\WareHouseSynch.Domain
		SccProjectUniqueName49 = 03APP\\WareHouseSynch.App\\WareHouseSynch.App.csproj
		SccProjectTopLevelParentUniqueName49 = NimblePropertyMicroServices.sln
		SccProjectName49 = 03APP/WareHouseSynch.App
		SccLocalPath49 = 03APP\\WareHouseSynch.App
		SccProjectUniqueName50 = 02INFRA\\WareHouseSynch.Infra\\WareHouseSynch.Infra.csproj
		SccProjectTopLevelParentUniqueName50 = NimblePropertyMicroServices.sln
		SccProjectName50 = 02INFRA/WareHouseSynch.Infra
		SccLocalPath50 = 02INFRA\\WareHouseSynch.Infra
		SccProjectUniqueName51 = 01API\\WarehouseSynch.API\\WarehouseSynch.API.csproj
		SccProjectTopLevelParentUniqueName51 = NimblePropertyMicroServices.sln
		SccProjectName51 = 01API/WarehouseSynch.API
		SccLocalPath51 = 01API\\WarehouseSynch.API
		SccProjectUniqueName52 = 02INFRA\\ReportsAndConfig.Infra\\ReportsAndConfig.Infra\\ReportsAndConfig.Infra.csproj
		SccProjectTopLevelParentUniqueName52 = NimblePropertyMicroServices.sln
		SccProjectName52 = 02INFRA/ReportsAndConfig.Infra/ReportsAndConfig.Infra
		SccLocalPath52 = 02INFRA\\ReportsAndConfig.Infra\\ReportsAndConfig.Infra
		SccProjectUniqueName53 = 03APP\\ReportsAndConfig.APP\\ReportsAndConfig.APP\\ReportsAndConfig.APP.csproj
		SccProjectTopLevelParentUniqueName53 = NimblePropertyMicroServices.sln
		SccProjectName53 = 03APP/ReportsAndConfig.APP/ReportsAndConfig.APP
		SccLocalPath53 = 03APP\\ReportsAndConfig.APP\\ReportsAndConfig.APP
		SccProjectUniqueName54 = 04DOMAIN\\ReportsAndConfig.Domain\\ReportsAndConfig.Domain\\ReportsAndConfig.Domain.csproj
		SccProjectTopLevelParentUniqueName54 = NimblePropertyMicroServices.sln
		SccProjectName54 = 04DOMAIN/ReportsAndConfig.Domain/ReportsAndConfig.Domain
		SccLocalPath54 = 04DOMAIN\\ReportsAndConfig.Domain\\ReportsAndConfig.Domain
		SccProjectUniqueName55 = 04DOMAIN\\ReportsAndConfig.Domain\\ReportsAndConfig.DTO\\ReportsAndConfig.Domain.DTO.csproj
		SccProjectTopLevelParentUniqueName55 = NimblePropertyMicroServices.sln
		SccProjectName55 = 04DOMAIN/ReportsAndConfig.Domain/ReportsAndConfig.DTO
		SccLocalPath55 = 04DOMAIN\\ReportsAndConfig.Domain\\ReportsAndConfig.DTO
		SccProjectUniqueName56 = 01API\\ReportsAndConfig.API\\ReportsAndConfig.API\\ReportsAndConfig.API.csproj
		SccProjectTopLevelParentUniqueName56 = NimblePropertyMicroServices.sln
		SccProjectName56 = 01API/ReportsAndConfig.API/ReportsAndConfig.API
		SccLocalPath56 = 01API\\ReportsAndConfig.API\\ReportsAndConfig.API
		SccProjectUniqueName57 = 04DOMAIN\\Messages.Domain\\Messages.Domain.csproj
		SccProjectTopLevelParentUniqueName57 = NimblePropertyMicroServices.sln
		SccProjectName57 = 04DOMAIN/Messages.Domain
		SccLocalPath57 = 04DOMAIN\\Messages.Domain
		SccProjectUniqueName58 = 04DOMAIN\\WHSubscription.Domain\\WHSubscription.Domain.csproj
		SccProjectTopLevelParentUniqueName58 = NimblePropertyMicroServices.sln
		SccProjectName58 = 04DOMAIN/WHSubscription.Domain
		SccLocalPath58 = 04DOMAIN\\WHSubscription.Domain
		SccProjectUniqueName59 = 04DOMAIN\\WHSubscription.Domain.DTO\\WHSubscription.Domain.DTO.csproj
		SccProjectTopLevelParentUniqueName59 = NimblePropertyMicroServices.sln
		SccProjectName59 = 04DOMAIN/WHSubscription.Domain.DTO
		SccLocalPath59 = 04DOMAIN\\WHSubscription.Domain.DTO
		SccProjectUniqueName60 = 03APP\\WHSubscription.App\\WHSubscription.App.csproj
		SccProjectTopLevelParentUniqueName60 = NimblePropertyMicroServices.sln
		SccProjectName60 = 03APP/WHSubscription.App
		SccLocalPath60 = 03APP\\WHSubscription.App
		SccProjectUniqueName61 = 02INFRA\\WHSubscription.Infra\\WHSubscription.Infra.csproj
		SccProjectTopLevelParentUniqueName61 = NimblePropertyMicroServices.sln
		SccProjectName61 = 02INFRA/WHSubscription.Infra
		SccLocalPath61 = 02INFRA\\WHSubscription.Infra
		SccProjectUniqueName62 = 01API\\WHSubscription.API\\WHSubscription.API.csproj
		SccProjectTopLevelParentUniqueName62 = NimblePropertyMicroServices.sln
		SccProjectName62 = 01API/WHSubscription.API
		SccLocalPath62 = 01API\\WHSubscription.API
	EndGlobalSection
EndGlobal
